// !$*UTF8*$!
{
	archiveVersion = 1;
	classes = {
	};
	objectVersion = 46;
	objects = {

/* Begin PBXBuildFile section */
		C5164BBA165E782A0079F4A9 /* Typography.rtf in Resources */ = {isa = PBXBuildFile; fileRef = C5164BB9165E782A0079F4A9 /* Typography.rtf */; };
		C5164BBD165E86DB0079F4A9 /* isolated.rtf in Resources */ = {isa = PBXBuildFile; fileRef = C5164BBC165E86DB0079F4A9 /* isolated.rtf */; };
		C51B5D7916454AD300D2062B /* AshtonAppKit.m in Sources */ = {isa = PBXBuildFile; fileRef = C51B5D7816454AD300D2062B /* AshtonAppKit.m */; };
		C51B5D8116454F8C00D2062B /* NSAttributedString+Ashton.m in Sources */ = {isa = PBXBuildFile; fileRef = C51B5D8016454F8C00D2062B /* NSAttributedString+Ashton.m */; };
		C51B5D8216454F8C00D2062B /* NSAttributedString+Ashton.m in Sources */ = {isa = PBXBuildFile; fileRef = C51B5D8016454F8C00D2062B /* NSAttributedString+Ashton.m */; };
		C51B5D8D164557C900D2062B /* AshtonCoreText.m in Sources */ = {isa = PBXBuildFile; fileRef = C51B5D8C164557C900D2062B /* AshtonCoreText.m */; };
		C51B5D8E164557C900D2062B /* AshtonCoreText.m in Sources */ = {isa = PBXBuildFile; fileRef = C51B5D8C164557C900D2062B /* AshtonCoreText.m */; };
		C51B5D91164567A000D2062B /* CoreText.framework in Frameworks */ = {isa = PBXBuildFile; fileRef = C51B5D8F1645679700D2062B /* CoreText.framework */; };
		C51BA11018228CD100F9309F /* XCTest.framework in Frameworks */ = {isa = PBXBuildFile; fileRef = C51BA10F18228CD100F9309F /* XCTest.framework */; };
		C51BA11218228CD100F9309F /* Foundation.framework in Frameworks */ = {isa = PBXBuildFile; fileRef = C51BA11118228CD100F9309F /* Foundation.framework */; };
		C51BA11318228CD100F9309F /* UIKit.framework in Frameworks */ = {isa = PBXBuildFile; fileRef = C5AC3569163EB26E00C233FE /* UIKit.framework */; };
		C51BA11918228CD100F9309F /* InfoPlist.strings in Resources */ = {isa = PBXBuildFile; fileRef = C51BA11718228CD100F9309F /* InfoPlist.strings */; };
		C51BA11B18228CD100F9309F /* iOSTests.m in Sources */ = {isa = PBXBuildFile; fileRef = C51BA11A18228CD100F9309F /* iOSTests.m */; };
		C51BA12318228E1200F9309F /* CoreGraphics.framework in Frameworks */ = {isa = PBXBuildFile; fileRef = C51BA12218228E1200F9309F /* CoreGraphics.framework */; };
		C53879A816F9F01900908630 /* AshtonCSSTests.m in Sources */ = {isa = PBXBuildFile; fileRef = C53879A716F9F01900908630 /* AshtonCSSTests.m */; };
		C53879D816FA0DE400908630 /* AshtonUtils.m in Sources */ = {isa = PBXBuildFile; fileRef = C53879D716FA0DE400908630 /* AshtonUtils.m */; };
		C53879D916FA0DE400908630 /* AshtonUtils.m in Sources */ = {isa = PBXBuildFile; fileRef = C53879D716FA0DE400908630 /* AshtonUtils.m */; };
		C54BA90C1651613200D057E7 /* Test1.html in Resources */ = {isa = PBXBuildFile; fileRef = C54BA90A1651613200D057E7 /* Test1.html */; };
		C54BA90D1651613200D057E7 /* TextEdit Test Document.html in Resources */ = {isa = PBXBuildFile; fileRef = C54BA90B1651613200D057E7 /* TextEdit Test Document.html */; };
		C54BA9111651699F00D057E7 /* iOSUIKitTextViewController.m in Sources */ = {isa = PBXBuildFile; fileRef = C54BA9101651699F00D057E7 /* iOSUIKitTextViewController.m */; };
		C55FCAAE185A26FC004E64EA /* XCTest.framework in Frameworks */ = {isa = PBXBuildFile; fileRef = C51BA10F18228CD100F9309F /* XCTest.framework */; };
		C55FCAB1185A284D004E64EA /* AshtonMarkdownReader.m in Sources */ = {isa = PBXBuildFile; fileRef = C55FCAB0185A284D004E64EA /* AshtonMarkdownReader.m */; };
		C55FCAB2185A284D004E64EA /* AshtonMarkdownReader.m in Sources */ = {isa = PBXBuildFile; fileRef = C55FCAB0185A284D004E64EA /* AshtonMarkdownReader.m */; };
		C55FCAB7185A2867004E64EA /* AshtonMarkdownWriter.m in Sources */ = {isa = PBXBuildFile; fileRef = C55FCAB6185A2867004E64EA /* AshtonMarkdownWriter.m */; };
		C55FCAB8185A2867004E64EA /* AshtonMarkdownWriter.m in Sources */ = {isa = PBXBuildFile; fileRef = C55FCAB6185A2867004E64EA /* AshtonMarkdownWriter.m */; };
		C55FCABA185B4437004E64EA /* AshtonMarkdownWriterTest.m in Sources */ = {isa = PBXBuildFile; fileRef = C55FCAB9185B4437004E64EA /* AshtonMarkdownWriterTest.m */; };
		C566DF9D169ABCD100579E94 /* AshtonIntermediate.m in Sources */ = {isa = PBXBuildFile; fileRef = C566DF9C169ABCD100579E94 /* AshtonIntermediate.m */; };
		C566DF9E169ABCD100579E94 /* AshtonIntermediate.m in Sources */ = {isa = PBXBuildFile; fileRef = C566DF9C169ABCD100579E94 /* AshtonIntermediate.m */; };
		C56B7B6C17378DD000C5D751 /* AshtonHTMLTests.m in Sources */ = {isa = PBXBuildFile; fileRef = C56B7B6B17378DD000C5D751 /* AshtonHTMLTests.m */; };
		C57D6AD0164968F00089E70A /* AshtonUIKit.m in Sources */ = {isa = PBXBuildFile; fileRef = C57D6ACF164968F00089E70A /* AshtonUIKit.m */; };
		C57D6AD416496D280089E70A /* AshtonHTMLWriter.m in Sources */ = {isa = PBXBuildFile; fileRef = C57D6AD316496D280089E70A /* AshtonHTMLWriter.m */; };
		C57D6AD516496D280089E70A /* AshtonHTMLWriter.m in Sources */ = {isa = PBXBuildFile; fileRef = C57D6AD316496D280089E70A /* AshtonHTMLWriter.m */; };
		C57D6ADB16499E810089E70A /* Test1.rtf in Resources */ = {isa = PBXBuildFile; fileRef = C57D6ADA16499E810089E70A /* Test1.rtf */; };
		C57D6ADC16499E8A0089E70A /* Test1.rtf in Resources */ = {isa = PBXBuildFile; fileRef = C57D6ADA16499E810089E70A /* Test1.rtf */; };
		C57D6B17164AA5300089E70A /* AshtonHTMLReader.m in Sources */ = {isa = PBXBuildFile; fileRef = C57D6B16164AA5300089E70A /* AshtonHTMLReader.m */; };
		C57D6B18164AA5300089E70A /* AshtonHTMLReader.m in Sources */ = {isa = PBXBuildFile; fileRef = C57D6B16164AA5300089E70A /* AshtonHTMLReader.m */; };
		C5AC356A163EB26E00C233FE /* UIKit.framework in Frameworks */ = {isa = PBXBuildFile; fileRef = C5AC3569163EB26E00C233FE /* UIKit.framework */; };
		C5AC356D163EB28900C233FE /* Cocoa.framework in Frameworks */ = {isa = PBXBuildFile; fileRef = C5AC356C163EB28900C233FE /* Cocoa.framework */; };
		C5AC356E163EB29100C233FE /* Cocoa.framework in Frameworks */ = {isa = PBXBuildFile; fileRef = C5AC356C163EB28900C233FE /* Cocoa.framework */; };
		C5AC35A3163ED13700C233FE /* TextEdit Test Document.rtf in Resources */ = {isa = PBXBuildFile; fileRef = C5AC35A2163ED13700C233FE /* TextEdit Test Document.rtf */; };
		C5DC488F1647F090009FEA27 /* CoreGraphics.framework in Frameworks */ = {isa = PBXBuildFile; fileRef = C5DC488D1647F085009FEA27 /* CoreGraphics.framework */; };
		C5DC48921647F0D7009FEA27 /* iOSCoreTextView.m in Sources */ = {isa = PBXBuildFile; fileRef = C5DC48911647F0D7009FEA27 /* iOSCoreTextView.m */; };
		C5DC48951647F288009FEA27 /* OSXCoreTextView.m in Sources */ = {isa = PBXBuildFile; fileRef = C5DC48941647F288009FEA27 /* OSXCoreTextView.m */; };
		C5DC48961647F50C009FEA27 /* TextEdit Test Document.rtf in Resources */ = {isa = PBXBuildFile; fileRef = C5AC35A2163ED13700C233FE /* TextEdit Test Document.rtf */; };
		C5E35C5A1700541E00A386A7 /* AshtonAppKitTests.m in Sources */ = {isa = PBXBuildFile; fileRef = C5E35C591700541E00A386A7 /* AshtonAppKitTests.m */; };
		C5F71651163E97CF005B34D1 /* InfoPlist.strings in Resources */ = {isa = PBXBuildFile; fileRef = C5F7164F163E97CF005B34D1 /* InfoPlist.strings */; };
		C5F71653163E97CF005B34D1 /* main.m in Sources */ = {isa = PBXBuildFile; fileRef = C5F71652163E97CF005B34D1 /* main.m */; };
		C5F71657163E97CF005B34D1 /* iOSAppDelegate.m in Sources */ = {isa = PBXBuildFile; fileRef = C5F71656163E97CF005B34D1 /* iOSAppDelegate.m */; };
		C5F71659163E97CF005B34D1 /* Default.png in Resources */ = {isa = PBXBuildFile; fileRef = C5F71658163E97CF005B34D1 /* Default.png */; };
		C5F7165B163E97CF005B34D1 /* Default@2x.png in Resources */ = {isa = PBXBuildFile; fileRef = C5F7165A163E97CF005B34D1 /* Default@2x.png */; };
		C5F7165D163E97CF005B34D1 /* Default-568h@2x.png in Resources */ = {isa = PBXBuildFile; fileRef = C5F7165C163E97CF005B34D1 /* Default-568h@2x.png */; };
		C5F71660163E97CF005B34D1 /* MainStoryboard.storyboard in Resources */ = {isa = PBXBuildFile; fileRef = C5F7165E163E97CF005B34D1 /* MainStoryboard.storyboard */; };
		C5F71666163E97CF005B34D1 /* iOSViewController.m in Sources */ = {isa = PBXBuildFile; fileRef = C5F71665163E97CF005B34D1 /* iOSViewController.m */; };
		C5F71694163E97EA005B34D1 /* InfoPlist.strings in Resources */ = {isa = PBXBuildFile; fileRef = C5F71692163E97EA005B34D1 /* InfoPlist.strings */; };
		C5F71696163E97EA005B34D1 /* main.m in Sources */ = {isa = PBXBuildFile; fileRef = C5F71695163E97EA005B34D1 /* main.m */; };
		C5F7169D163E97EA005B34D1 /* OSXAppDelegate.m in Sources */ = {isa = PBXBuildFile; fileRef = C5F7169C163E97EA005B34D1 /* OSXAppDelegate.m */; };
		C5F716A0163E97EA005B34D1 /* MainMenu.xib in Resources */ = {isa = PBXBuildFile; fileRef = C5F7169E163E97EA005B34D1 /* MainMenu.xib */; };
		C5F716B0163E97EA005B34D1 /* InfoPlist.strings in Resources */ = {isa = PBXBuildFile; fileRef = C5F716AE163E97EA005B34D1 /* InfoPlist.strings */; };
		C5F716B3163E97EA005B34D1 /* OSXExampleTests.m in Sources */ = {isa = PBXBuildFile; fileRef = C5F716B2163E97EA005B34D1 /* OSXExampleTests.m */; };
/* End PBXBuildFile section */

/* Begin PBXContainerItemProxy section */
		C51BA11D18228CD100F9309F /* PBXContainerItemProxy */ = {
			isa = PBXContainerItemProxy;
			containerPortal = C5F71634163E9776005B34D1 /* Project object */;
			proxyType = 1;
			remoteGlobalIDString = C5F71641163E97CF005B34D1;
			remoteInfo = iOSExample;
		};
		C5F716A9163E97EA005B34D1 /* PBXContainerItemProxy */ = {
			isa = PBXContainerItemProxy;
			containerPortal = C5F71634163E9776005B34D1 /* Project object */;
			proxyType = 1;
			remoteGlobalIDString = C5F71686163E97EA005B34D1;
			remoteInfo = OSXExample;
		};
/* End PBXContainerItemProxy section */

/* Begin PBXFileReference section */
		C5164BB9165E782A0079F4A9 /* Typography.rtf */ = {isa = PBXFileReference; fileEncoding = 4; lastKnownFileType = text.rtf; path = Typography.rtf; sourceTree = "<group>"; };
		C5164BBC165E86DB0079F4A9 /* isolated.rtf */ = {isa = PBXFileReference; fileEncoding = 4; lastKnownFileType = text.rtf; path = isolated.rtf; sourceTree = "<group>"; };
		C51B5D7716454AD300D2062B /* AshtonAppKit.h */ = {isa = PBXFileReference; fileEncoding = 4; lastKnownFileType = sourcecode.c.h; path = AshtonAppKit.h; sourceTree = "<group>"; };
		C51B5D7816454AD300D2062B /* AshtonAppKit.m */ = {isa = PBXFileReference; fileEncoding = 4; lastKnownFileType = sourcecode.c.objc; path = AshtonAppKit.m; sourceTree = "<group>"; };
		C51B5D7B16454BB800D2062B /* AshtonConverter.h */ = {isa = PBXFileReference; fileEncoding = 4; lastKnownFileType = sourcecode.c.h; path = AshtonConverter.h; sourceTree = "<group>"; };
		C51B5D7F16454F8C00D2062B /* NSAttributedString+Ashton.h */ = {isa = PBXFileReference; fileEncoding = 4; lastKnownFileType = sourcecode.c.h; path = "NSAttributedString+Ashton.h"; sourceTree = "<group>"; };
		C51B5D8016454F8C00D2062B /* NSAttributedString+Ashton.m */ = {isa = PBXFileReference; fileEncoding = 4; lastKnownFileType = sourcecode.c.objc; path = "NSAttributedString+Ashton.m"; sourceTree = "<group>"; };
		C51B5D8B164557C900D2062B /* AshtonCoreText.h */ = {isa = PBXFileReference; fileEncoding = 4; lastKnownFileType = sourcecode.c.h; path = AshtonCoreText.h; sourceTree = "<group>"; };
		C51B5D8C164557C900D2062B /* AshtonCoreText.m */ = {isa = PBXFileReference; fileEncoding = 4; lastKnownFileType = sourcecode.c.objc; path = AshtonCoreText.m; sourceTree = "<group>"; };
		C51B5D8F1645679700D2062B /* CoreText.framework */ = {isa = PBXFileReference; lastKnownFileType = wrapper.framework; name = CoreText.framework; path = Platforms/iPhoneOS.platform/Developer/SDKs/iPhoneOS6.0.sdk/System/Library/Frameworks/CoreText.framework; sourceTree = DEVELOPER_DIR; };
		C51BA10E18228CD100F9309F /* iOSTests.xctest */ = {isa = PBXFileReference; explicitFileType = wrapper.cfbundle; includeInIndex = 0; path = iOSTests.xctest; sourceTree = BUILT_PRODUCTS_DIR; };
		C51BA10F18228CD100F9309F /* XCTest.framework */ = {isa = PBXFileReference; lastKnownFileType = wrapper.framework; name = XCTest.framework; path = Library/Frameworks/XCTest.framework; sourceTree = DEVELOPER_DIR; };
		C51BA11118228CD100F9309F /* Foundation.framework */ = {isa = PBXFileReference; lastKnownFileType = wrapper.framework; name = Foundation.framework; path = Library/Frameworks/Foundation.framework; sourceTree = DEVELOPER_DIR; };
		C51BA11618228CD100F9309F /* iOSTests-Info.plist */ = {isa = PBXFileReference; lastKnownFileType = text.plist.xml; path = "iOSTests-Info.plist"; sourceTree = "<group>"; };
		C51BA11818228CD100F9309F /* en */ = {isa = PBXFileReference; lastKnownFileType = text.plist.strings; name = en; path = en.lproj/InfoPlist.strings; sourceTree = "<group>"; };
		C51BA11A18228CD100F9309F /* iOSTests.m */ = {isa = PBXFileReference; lastKnownFileType = sourcecode.c.objc; path = iOSTests.m; sourceTree = "<group>"; };
		C51BA11C18228CD100F9309F /* iOSTests-Prefix.pch */ = {isa = PBXFileReference; lastKnownFileType = sourcecode.c.h; path = "iOSTests-Prefix.pch"; sourceTree = "<group>"; };
		C51BA12218228E1200F9309F /* CoreGraphics.framework */ = {isa = PBXFileReference; lastKnownFileType = wrapper.framework; name = CoreGraphics.framework; path = Platforms/iPhoneOS.platform/Developer/SDKs/iPhoneOS7.0.sdk/System/Library/Frameworks/CoreGraphics.framework; sourceTree = DEVELOPER_DIR; };
		C53879A616F9F01900908630 /* AshtonCSSTests.h */ = {isa = PBXFileReference; fileEncoding = 4; lastKnownFileType = sourcecode.c.h; path = AshtonCSSTests.h; sourceTree = "<group>"; };
		C53879A716F9F01900908630 /* AshtonCSSTests.m */ = {isa = PBXFileReference; fileEncoding = 4; lastKnownFileType = sourcecode.c.objc; path = AshtonCSSTests.m; sourceTree = "<group>"; };
		C53879D616FA0DE400908630 /* AshtonUtils.h */ = {isa = PBXFileReference; fileEncoding = 4; lastKnownFileType = sourcecode.c.h; path = AshtonUtils.h; sourceTree = "<group>"; };
		C53879D716FA0DE400908630 /* AshtonUtils.m */ = {isa = PBXFileReference; fileEncoding = 4; lastKnownFileType = sourcecode.c.objc; path = AshtonUtils.m; sourceTree = "<group>"; };
		C54BA90A1651613200D057E7 /* Test1.html */ = {isa = PBXFileReference; fileEncoding = 4; lastKnownFileType = text.html; path = Test1.html; sourceTree = "<group>"; };
		C54BA90B1651613200D057E7 /* TextEdit Test Document.html */ = {isa = PBXFileReference; fileEncoding = 4; lastKnownFileType = text.html; path = "TextEdit Test Document.html"; sourceTree = "<group>"; };
		C54BA90F1651699F00D057E7 /* iOSUIKitTextViewController.h */ = {isa = PBXFileReference; fileEncoding = 4; lastKnownFileType = sourcecode.c.h; path = iOSUIKitTextViewController.h; sourceTree = "<group>"; };
		C54BA9101651699F00D057E7 /* iOSUIKitTextViewController.m */ = {isa = PBXFileReference; fileEncoding = 4; lastKnownFileType = sourcecode.c.objc; path = iOSUIKitTextViewController.m; sourceTree = "<group>"; };
		C55FCAAF185A284D004E64EA /* AshtonMarkdownReader.h */ = {isa = PBXFileReference; fileEncoding = 4; lastKnownFileType = sourcecode.c.h; path = AshtonMarkdownReader.h; sourceTree = "<group>"; };
		C55FCAB0185A284D004E64EA /* AshtonMarkdownReader.m */ = {isa = PBXFileReference; fileEncoding = 4; lastKnownFileType = sourcecode.c.objc; path = AshtonMarkdownReader.m; sourceTree = "<group>"; };
		C55FCAB5185A2867004E64EA /* AshtonMarkdownWriter.h */ = {isa = PBXFileReference; fileEncoding = 4; lastKnownFileType = sourcecode.c.h; path = AshtonMarkdownWriter.h; sourceTree = "<group>"; };
		C55FCAB6185A2867004E64EA /* AshtonMarkdownWriter.m */ = {isa = PBXFileReference; fileEncoding = 4; lastKnownFileType = sourcecode.c.objc; path = AshtonMarkdownWriter.m; sourceTree = "<group>"; };
		C55FCAB9185B4437004E64EA /* AshtonMarkdownWriterTest.m */ = {isa = PBXFileReference; fileEncoding = 4; lastKnownFileType = sourcecode.c.objc; path = AshtonMarkdownWriterTest.m; sourceTree = "<group>"; };
		C566DF9B169ABCD100579E94 /* AshtonIntermediate.h */ = {isa = PBXFileReference; fileEncoding = 4; lastKnownFileType = sourcecode.c.h; path = AshtonIntermediate.h; sourceTree = "<group>"; };
		C566DF9C169ABCD100579E94 /* AshtonIntermediate.m */ = {isa = PBXFileReference; fileEncoding = 4; lastKnownFileType = sourcecode.c.objc; path = AshtonIntermediate.m; sourceTree = "<group>"; };
		C56B7B6A17378DD000C5D751 /* AshtonHTMLTests.h */ = {isa = PBXFileReference; fileEncoding = 4; lastKnownFileType = sourcecode.c.h; path = AshtonHTMLTests.h; sourceTree = "<group>"; };
		C56B7B6B17378DD000C5D751 /* AshtonHTMLTests.m */ = {isa = PBXFileReference; fileEncoding = 4; lastKnownFileType = sourcecode.c.objc; path = AshtonHTMLTests.m; sourceTree = "<group>"; };
		C57D6ACE164968F00089E70A /* AshtonUIKit.h */ = {isa = PBXFileReference; fileEncoding = 4; lastKnownFileType = sourcecode.c.h; path = AshtonUIKit.h; sourceTree = "<group>"; };
		C57D6ACF164968F00089E70A /* AshtonUIKit.m */ = {isa = PBXFileReference; fileEncoding = 4; lastKnownFileType = sourcecode.c.objc; path = AshtonUIKit.m; sourceTree = "<group>"; };
		C57D6AD216496D280089E70A /* AshtonHTMLWriter.h */ = {isa = PBXFileReference; fileEncoding = 4; lastKnownFileType = sourcecode.c.h; path = AshtonHTMLWriter.h; sourceTree = "<group>"; };
		C57D6AD316496D280089E70A /* AshtonHTMLWriter.m */ = {isa = PBXFileReference; fileEncoding = 4; lastKnownFileType = sourcecode.c.objc; path = AshtonHTMLWriter.m; sourceTree = "<group>"; };
		C57D6ADA16499E810089E70A /* Test1.rtf */ = {isa = PBXFileReference; fileEncoding = 4; lastKnownFileType = text.rtf; path = Test1.rtf; sourceTree = "<group>"; };
		C57D6B15164AA5300089E70A /* AshtonHTMLReader.h */ = {isa = PBXFileReference; fileEncoding = 4; lastKnownFileType = sourcecode.c.h; path = AshtonHTMLReader.h; sourceTree = "<group>"; };
		C57D6B16164AA5300089E70A /* AshtonHTMLReader.m */ = {isa = PBXFileReference; fileEncoding = 4; lastKnownFileType = sourcecode.c.objc; path = AshtonHTMLReader.m; sourceTree = "<group>"; };
		C5AC3569163EB26E00C233FE /* UIKit.framework */ = {isa = PBXFileReference; lastKnownFileType = wrapper.framework; name = UIKit.framework; path = Platforms/iPhoneOS.platform/Developer/SDKs/iPhoneOS6.0.sdk/System/Library/Frameworks/UIKit.framework; sourceTree = DEVELOPER_DIR; };
		C5AC356C163EB28900C233FE /* Cocoa.framework */ = {isa = PBXFileReference; lastKnownFileType = wrapper.framework; name = Cocoa.framework; path = Platforms/MacOSX.platform/Developer/SDKs/MacOSX10.8.sdk/System/Library/Frameworks/Cocoa.framework; sourceTree = DEVELOPER_DIR; };
		C5AC35A2163ED13700C233FE /* TextEdit Test Document.rtf */ = {isa = PBXFileReference; fileEncoding = 4; lastKnownFileType = text.rtf; path = "TextEdit Test Document.rtf"; sourceTree = "<group>"; };
		C5DC488D1647F085009FEA27 /* CoreGraphics.framework */ = {isa = PBXFileReference; lastKnownFileType = wrapper.framework; name = CoreGraphics.framework; path = Platforms/iPhoneOS.platform/Developer/SDKs/iPhoneOS6.0.sdk/System/Library/Frameworks/CoreGraphics.framework; sourceTree = DEVELOPER_DIR; };
		C5DC48901647F0D7009FEA27 /* iOSCoreTextView.h */ = {isa = PBXFileReference; fileEncoding = 4; lastKnownFileType = sourcecode.c.h; path = iOSCoreTextView.h; sourceTree = "<group>"; };
		C5DC48911647F0D7009FEA27 /* iOSCoreTextView.m */ = {isa = PBXFileReference; fileEncoding = 4; lastKnownFileType = sourcecode.c.objc; path = iOSCoreTextView.m; sourceTree = "<group>"; };
		C5DC48931647F288009FEA27 /* OSXCoreTextView.h */ = {isa = PBXFileReference; fileEncoding = 4; lastKnownFileType = sourcecode.c.h; path = OSXCoreTextView.h; sourceTree = "<group>"; };
		C5DC48941647F288009FEA27 /* OSXCoreTextView.m */ = {isa = PBXFileReference; fileEncoding = 4; lastKnownFileType = sourcecode.c.objc; path = OSXCoreTextView.m; sourceTree = "<group>"; };
		C5E35C581700541E00A386A7 /* AshtonAppKitTests.h */ = {isa = PBXFileReference; fileEncoding = 4; lastKnownFileType = sourcecode.c.h; path = AshtonAppKitTests.h; sourceTree = "<group>"; };
		C5E35C591700541E00A386A7 /* AshtonAppKitTests.m */ = {isa = PBXFileReference; fileEncoding = 4; lastKnownFileType = sourcecode.c.objc; path = AshtonAppKitTests.m; sourceTree = "<group>"; };
		C5F71642163E97CF005B34D1 /* iOSExample.app */ = {isa = PBXFileReference; explicitFileType = wrapper.application; includeInIndex = 0; path = iOSExample.app; sourceTree = BUILT_PRODUCTS_DIR; };
		C5F7164E163E97CF005B34D1 /* iOSExample-Info.plist */ = {isa = PBXFileReference; lastKnownFileType = text.plist.xml; path = "iOSExample-Info.plist"; sourceTree = "<group>"; };
		C5F71650163E97CF005B34D1 /* en */ = {isa = PBXFileReference; lastKnownFileType = text.plist.strings; name = en; path = en.lproj/InfoPlist.strings; sourceTree = "<group>"; };
		C5F71652163E97CF005B34D1 /* main.m */ = {isa = PBXFileReference; lastKnownFileType = sourcecode.c.objc; path = main.m; sourceTree = "<group>"; };
		C5F71654163E97CF005B34D1 /* iOSExample-Prefix.pch */ = {isa = PBXFileReference; lastKnownFileType = sourcecode.c.h; path = "iOSExample-Prefix.pch"; sourceTree = "<group>"; };
		C5F71655163E97CF005B34D1 /* iOSAppDelegate.h */ = {isa = PBXFileReference; lastKnownFileType = sourcecode.c.h; path = iOSAppDelegate.h; sourceTree = "<group>"; };
		C5F71656163E97CF005B34D1 /* iOSAppDelegate.m */ = {isa = PBXFileReference; lastKnownFileType = sourcecode.c.objc; path = iOSAppDelegate.m; sourceTree = "<group>"; };
		C5F71658163E97CF005B34D1 /* Default.png */ = {isa = PBXFileReference; lastKnownFileType = image.png; path = Default.png; sourceTree = "<group>"; };
		C5F7165A163E97CF005B34D1 /* Default@2x.png */ = {isa = PBXFileReference; lastKnownFileType = image.png; path = "Default@2x.png"; sourceTree = "<group>"; };
		C5F7165C163E97CF005B34D1 /* Default-568h@2x.png */ = {isa = PBXFileReference; lastKnownFileType = image.png; path = "Default-568h@2x.png"; sourceTree = "<group>"; };
		C5F7165F163E97CF005B34D1 /* en */ = {isa = PBXFileReference; lastKnownFileType = file.storyboard; name = en; path = en.lproj/MainStoryboard.storyboard; sourceTree = "<group>"; };
		C5F71664163E97CF005B34D1 /* iOSViewController.h */ = {isa = PBXFileReference; lastKnownFileType = sourcecode.c.h; path = iOSViewController.h; sourceTree = "<group>"; };
		C5F71665163E97CF005B34D1 /* iOSViewController.m */ = {isa = PBXFileReference; lastKnownFileType = sourcecode.c.objc; path = iOSViewController.m; sourceTree = "<group>"; };
		C5F71687163E97EA005B34D1 /* OSXExample.app */ = {isa = PBXFileReference; explicitFileType = wrapper.application; includeInIndex = 0; path = OSXExample.app; sourceTree = BUILT_PRODUCTS_DIR; };
		C5F71691163E97EA005B34D1 /* OSXExample-Info.plist */ = {isa = PBXFileReference; lastKnownFileType = text.plist.xml; path = "OSXExample-Info.plist"; sourceTree = "<group>"; };
		C5F71693163E97EA005B34D1 /* en */ = {isa = PBXFileReference; lastKnownFileType = text.plist.strings; name = en; path = en.lproj/InfoPlist.strings; sourceTree = "<group>"; };
		C5F71695163E97EA005B34D1 /* main.m */ = {isa = PBXFileReference; lastKnownFileType = sourcecode.c.objc; path = main.m; sourceTree = "<group>"; };
		C5F71697163E97EA005B34D1 /* OSXExample-Prefix.pch */ = {isa = PBXFileReference; lastKnownFileType = sourcecode.c.h; path = "OSXExample-Prefix.pch"; sourceTree = "<group>"; };
		C5F7169B163E97EA005B34D1 /* OSXAppDelegate.h */ = {isa = PBXFileReference; lastKnownFileType = sourcecode.c.h; path = OSXAppDelegate.h; sourceTree = "<group>"; };
		C5F7169C163E97EA005B34D1 /* OSXAppDelegate.m */ = {isa = PBXFileReference; lastKnownFileType = sourcecode.c.objc; path = OSXAppDelegate.m; sourceTree = "<group>"; };
		C5F7169F163E97EA005B34D1 /* en */ = {isa = PBXFileReference; lastKnownFileType = file.xib; name = en; path = en.lproj/MainMenu.xib; sourceTree = "<group>"; };
		C5F716A6163E97EA005B34D1 /* OSXExampleTests.xctest */ = {isa = PBXFileReference; explicitFileType = wrapper.cfbundle; includeInIndex = 0; path = OSXExampleTests.xctest; sourceTree = BUILT_PRODUCTS_DIR; };
		C5F716AD163E97EA005B34D1 /* OSXExampleTests-Info.plist */ = {isa = PBXFileReference; lastKnownFileType = text.plist.xml; path = "OSXExampleTests-Info.plist"; sourceTree = "<group>"; };
		C5F716AF163E97EA005B34D1 /* en */ = {isa = PBXFileReference; lastKnownFileType = text.plist.strings; name = en; path = en.lproj/InfoPlist.strings; sourceTree = "<group>"; };
		C5F716B1163E97EA005B34D1 /* OSXExampleTests.h */ = {isa = PBXFileReference; lastKnownFileType = sourcecode.c.h; path = OSXExampleTests.h; sourceTree = "<group>"; };
		C5F716B2163E97EA005B34D1 /* OSXExampleTests.m */ = {isa = PBXFileReference; lastKnownFileType = sourcecode.c.objc; path = OSXExampleTests.m; sourceTree = "<group>"; };
/* End PBXFileReference section */

/* Begin PBXFrameworksBuildPhase section */
		C51BA10B18228CD100F9309F /* Frameworks */ = {
			isa = PBXFrameworksBuildPhase;
			buildActionMask = 2147483647;
			files = (
				C51BA12318228E1200F9309F /* CoreGraphics.framework in Frameworks */,
				C51BA11018228CD100F9309F /* XCTest.framework in Frameworks */,
				C51BA11318228CD100F9309F /* UIKit.framework in Frameworks */,
				C51BA11218228CD100F9309F /* Foundation.framework in Frameworks */,
			);
			runOnlyForDeploymentPostprocessing = 0;
		};
		C5F7163F163E97CF005B34D1 /* Frameworks */ = {
			isa = PBXFrameworksBuildPhase;
			buildActionMask = 2147483647;
			files = (
				C5DC488F1647F090009FEA27 /* CoreGraphics.framework in Frameworks */,
				C51B5D91164567A000D2062B /* CoreText.framework in Frameworks */,
				C5AC356A163EB26E00C233FE /* UIKit.framework in Frameworks */,
			);
			runOnlyForDeploymentPostprocessing = 0;
		};
		C5F71684163E97EA005B34D1 /* Frameworks */ = {
			isa = PBXFrameworksBuildPhase;
			buildActionMask = 2147483647;
			files = (
				C5AC356D163EB28900C233FE /* Cocoa.framework in Frameworks */,
			);
			runOnlyForDeploymentPostprocessing = 0;
		};
		C5F716A2163E97EA005B34D1 /* Frameworks */ = {
			isa = PBXFrameworksBuildPhase;
			buildActionMask = 2147483647;
			files = (
				C5AC356E163EB29100C233FE /* Cocoa.framework in Frameworks */,
				C55FCAAE185A26FC004E64EA /* XCTest.framework in Frameworks */,
			);
			runOnlyForDeploymentPostprocessing = 0;
		};
/* End PBXFrameworksBuildPhase section */

/* Begin PBXGroup section */
		C51BA11418228CD100F9309F /* iOSTests */ = {
			isa = PBXGroup;
			children = (
				C51BA11A18228CD100F9309F /* iOSTests.m */,
				C51BA11518228CD100F9309F /* Supporting Files */,
			);
			path = iOSTests;
			sourceTree = "<group>";
		};
		C51BA11518228CD100F9309F /* Supporting Files */ = {
			isa = PBXGroup;
			children = (
				C51BA11618228CD100F9309F /* iOSTests-Info.plist */,
				C51BA11718228CD100F9309F /* InfoPlist.strings */,
				C51BA11C18228CD100F9309F /* iOSTests-Prefix.pch */,
			);
			name = "Supporting Files";
			sourceTree = "<group>";
		};
		C5AC356F163EB67E00C233FE /* Ashton */ = {
			isa = PBXGroup;
			children = (
				C51B5D7F16454F8C00D2062B /* NSAttributedString+Ashton.h */,
				C51B5D8016454F8C00D2062B /* NSAttributedString+Ashton.m */,
				C57D6B15164AA5300089E70A /* AshtonHTMLReader.h */,
				C57D6B16164AA5300089E70A /* AshtonHTMLReader.m */,
				C57D6AD216496D280089E70A /* AshtonHTMLWriter.h */,
				C57D6AD316496D280089E70A /* AshtonHTMLWriter.m */,
				C55FCAAF185A284D004E64EA /* AshtonMarkdownReader.h */,
				C55FCAB0185A284D004E64EA /* AshtonMarkdownReader.m */,
				C55FCAB5185A2867004E64EA /* AshtonMarkdownWriter.h */,
				C55FCAB6185A2867004E64EA /* AshtonMarkdownWriter.m */,
				C566DF9B169ABCD100579E94 /* AshtonIntermediate.h */,
				C566DF9C169ABCD100579E94 /* AshtonIntermediate.m */,
				C51B5D7716454AD300D2062B /* AshtonAppKit.h */,
				C51B5D7816454AD300D2062B /* AshtonAppKit.m */,
				C51B5D8B164557C900D2062B /* AshtonCoreText.h */,
				C51B5D8C164557C900D2062B /* AshtonCoreText.m */,
				C51B5D7B16454BB800D2062B /* AshtonConverter.h */,
				C57D6ACE164968F00089E70A /* AshtonUIKit.h */,
				C57D6ACF164968F00089E70A /* AshtonUIKit.m */,
				C53879D616FA0DE400908630 /* AshtonUtils.h */,
				C53879D716FA0DE400908630 /* AshtonUtils.m */,
			);
			path = Ashton;
			sourceTree = "<group>";
		};
		C5AC35A4163ED13E00C233FE /* Test Cases */ = {
			isa = PBXGroup;
			children = (
				C5164BBC165E86DB0079F4A9 /* isolated.rtf */,
				C5164BB9165E782A0079F4A9 /* Typography.rtf */,
				C57D6ADA16499E810089E70A /* Test1.rtf */,
				C5AC35A2163ED13700C233FE /* TextEdit Test Document.rtf */,
			);
			name = "Test Cases";
			sourceTree = "<group>";
		};
		C5F71632163E9776005B34D1 = {
			isa = PBXGroup;
			children = (
				C5AC356F163EB67E00C233FE /* Ashton */,
				C5F7164C163E97CF005B34D1 /* iOSExample */,
				C5F7168F163E97EA005B34D1 /* OSXExample */,
				C5F716AB163E97EA005B34D1 /* OSXExampleTests */,
				C51BA11418228CD100F9309F /* iOSTests */,
				C5F71645163E97CF005B34D1 /* Frameworks */,
				C5F71643163E97CF005B34D1 /* Products */,
			);
			sourceTree = "<group>";
		};
		C5F71643163E97CF005B34D1 /* Products */ = {
			isa = PBXGroup;
			children = (
				C5F71642163E97CF005B34D1 /* iOSExample.app */,
				C5F71687163E97EA005B34D1 /* OSXExample.app */,
				C5F716A6163E97EA005B34D1 /* OSXExampleTests.xctest */,
				C51BA10E18228CD100F9309F /* iOSTests.xctest */,
			);
			name = Products;
			sourceTree = "<group>";
		};
		C5F71645163E97CF005B34D1 /* Frameworks */ = {
			isa = PBXGroup;
			children = (
				C51BA12218228E1200F9309F /* CoreGraphics.framework */,
				C5DC488D1647F085009FEA27 /* CoreGraphics.framework */,
				C51B5D8F1645679700D2062B /* CoreText.framework */,
				C5AC356C163EB28900C233FE /* Cocoa.framework */,
				C5AC3569163EB26E00C233FE /* UIKit.framework */,
				C51BA10F18228CD100F9309F /* XCTest.framework */,
				C51BA11118228CD100F9309F /* Foundation.framework */,
			);
			name = Frameworks;
			sourceTree = "<group>";
		};
		C5F7164C163E97CF005B34D1 /* iOSExample */ = {
			isa = PBXGroup;
			children = (
				C5F71655163E97CF005B34D1 /* iOSAppDelegate.h */,
				C5F71656163E97CF005B34D1 /* iOSAppDelegate.m */,
				C5DC48901647F0D7009FEA27 /* iOSCoreTextView.h */,
				C5DC48911647F0D7009FEA27 /* iOSCoreTextView.m */,
				C5F7165E163E97CF005B34D1 /* MainStoryboard.storyboard */,
				C5F71664163E97CF005B34D1 /* iOSViewController.h */,
				C5F71665163E97CF005B34D1 /* iOSViewController.m */,
				C54BA90F1651699F00D057E7 /* iOSUIKitTextViewController.h */,
				C54BA9101651699F00D057E7 /* iOSUIKitTextViewController.m */,
				C5F7164D163E97CF005B34D1 /* Supporting Files */,
			);
			path = iOSExample;
			sourceTree = "<group>";
		};
		C5F7164D163E97CF005B34D1 /* Supporting Files */ = {
			isa = PBXGroup;
			children = (
				C54BA90A1651613200D057E7 /* Test1.html */,
				C54BA90B1651613200D057E7 /* TextEdit Test Document.html */,
				C5F7164E163E97CF005B34D1 /* iOSExample-Info.plist */,
				C5F7164F163E97CF005B34D1 /* InfoPlist.strings */,
				C5F71652163E97CF005B34D1 /* main.m */,
				C5F71654163E97CF005B34D1 /* iOSExample-Prefix.pch */,
				C5F71658163E97CF005B34D1 /* Default.png */,
				C5F7165A163E97CF005B34D1 /* Default@2x.png */,
				C5F7165C163E97CF005B34D1 /* Default-568h@2x.png */,
			);
			name = "Supporting Files";
			sourceTree = "<group>";
		};
		C5F7168F163E97EA005B34D1 /* OSXExample */ = {
			isa = PBXGroup;
			children = (
				C5F7169B163E97EA005B34D1 /* OSXAppDelegate.h */,
				C5F7169C163E97EA005B34D1 /* OSXAppDelegate.m */,
				C5DC48931647F288009FEA27 /* OSXCoreTextView.h */,
				C5DC48941647F288009FEA27 /* OSXCoreTextView.m */,
				C5F7169E163E97EA005B34D1 /* MainMenu.xib */,
				C5F71690163E97EA005B34D1 /* Supporting Files */,
			);
			path = OSXExample;
			sourceTree = "<group>";
		};
		C5F71690163E97EA005B34D1 /* Supporting Files */ = {
			isa = PBXGroup;
			children = (
				C5F71691163E97EA005B34D1 /* OSXExample-Info.plist */,
				C5F71692163E97EA005B34D1 /* InfoPlist.strings */,
				C5F71695163E97EA005B34D1 /* main.m */,
				C5F71697163E97EA005B34D1 /* OSXExample-Prefix.pch */,
			);
			name = "Supporting Files";
			sourceTree = "<group>";
		};
		C5F716AB163E97EA005B34D1 /* OSXExampleTests */ = {
			isa = PBXGroup;
			children = (
				C5E35C581700541E00A386A7 /* AshtonAppKitTests.h */,
				C5E35C591700541E00A386A7 /* AshtonAppKitTests.m */,
				C56B7B6A17378DD000C5D751 /* AshtonHTMLTests.h */,
				C56B7B6B17378DD000C5D751 /* AshtonHTMLTests.m */,
				C55FCAB9185B4437004E64EA /* AshtonMarkdownWriterTest.m */,
				C53879A616F9F01900908630 /* AshtonCSSTests.h */,
				C53879A716F9F01900908630 /* AshtonCSSTests.m */,
				C5F716B1163E97EA005B34D1 /* OSXExampleTests.h */,
				C5F716B2163E97EA005B34D1 /* OSXExampleTests.m */,
				C5AC35A4163ED13E00C233FE /* Test Cases */,
				C5F716AC163E97EA005B34D1 /* Supporting Files */,
			);
			path = OSXExampleTests;
			sourceTree = "<group>";
		};
		C5F716AC163E97EA005B34D1 /* Supporting Files */ = {
			isa = PBXGroup;
			children = (
				C5F716AD163E97EA005B34D1 /* OSXExampleTests-Info.plist */,
				C5F716AE163E97EA005B34D1 /* InfoPlist.strings */,
			);
			name = "Supporting Files";
			sourceTree = "<group>";
		};
/* End PBXGroup section */

/* Begin PBXNativeTarget section */
		C51BA10D18228CD100F9309F /* iOSTests */ = {
			isa = PBXNativeTarget;
			buildConfigurationList = C51BA11F18228CD100F9309F /* Build configuration list for PBXNativeTarget "iOSTests" */;
			buildPhases = (
				C51BA10A18228CD100F9309F /* Sources */,
				C51BA10B18228CD100F9309F /* Frameworks */,
				C51BA10C18228CD100F9309F /* Resources */,
			);
			buildRules = (
			);
			dependencies = (
				C51BA11E18228CD100F9309F /* PBXTargetDependency */,
			);
			name = iOSTests;
			productName = iOSTests;
			productReference = C51BA10E18228CD100F9309F /* iOSTests.xctest */;
			productType = "com.apple.product-type.bundle.unit-test";
		};
		C5F71641163E97CF005B34D1 /* iOSExample */ = {
			isa = PBXNativeTarget;
			buildConfigurationList = C5F71680163E97CF005B34D1 /* Build configuration list for PBXNativeTarget "iOSExample" */;
			buildPhases = (
				C5F7163E163E97CF005B34D1 /* Sources */,
				C5F7163F163E97CF005B34D1 /* Frameworks */,
				C5F71640163E97CF005B34D1 /* Resources */,
			);
			buildRules = (
			);
			dependencies = (
			);
			name = iOSExample;
			productName = iOSExample;
			productReference = C5F71642163E97CF005B34D1 /* iOSExample.app */;
			productType = "com.apple.product-type.application";
		};
		C5F71686163E97EA005B34D1 /* OSXExample */ = {
			isa = PBXNativeTarget;
			buildConfigurationList = C5F716B4163E97EA005B34D1 /* Build configuration list for PBXNativeTarget "OSXExample" */;
			buildPhases = (
				C5F71683163E97EA005B34D1 /* Sources */,
				C5F71684163E97EA005B34D1 /* Frameworks */,
				C5F71685163E97EA005B34D1 /* Resources */,
			);
			buildRules = (
			);
			dependencies = (
			);
			name = OSXExample;
			productName = OSXExample;
			productReference = C5F71687163E97EA005B34D1 /* OSXExample.app */;
			productType = "com.apple.product-type.application";
		};
		C5F716A5163E97EA005B34D1 /* OSXExampleTests */ = {
			isa = PBXNativeTarget;
			buildConfigurationList = C5F716B7163E97EA005B34D1 /* Build configuration list for PBXNativeTarget "OSXExampleTests" */;
			buildPhases = (
				C5F716A1163E97EA005B34D1 /* Sources */,
				C5F716A2163E97EA005B34D1 /* Frameworks */,
				C5F716A3163E97EA005B34D1 /* Resources */,
				C5F716A4163E97EA005B34D1 /* ShellScript */,
			);
			buildRules = (
			);
			dependencies = (
				C5F716AA163E97EA005B34D1 /* PBXTargetDependency */,
			);
			name = OSXExampleTests;
			productName = OSXExampleTests;
			productReference = C5F716A6163E97EA005B34D1 /* OSXExampleTests.xctest */;
			productType = "com.apple.product-type.bundle.unit-test";
		};
/* End PBXNativeTarget section */

/* Begin PBXProject section */
		C5F71634163E9776005B34D1 /* Project object */ = {
			isa = PBXProject;
			attributes = {
				LastUpgradeCheck = 0450;
				TargetAttributes = {
					C51BA10D18228CD100F9309F = {
						TestTargetID = C5F71641163E97CF005B34D1;
					};
				};
			};
			buildConfigurationList = C5F71637163E9776005B34D1 /* Build configuration list for PBXProject "Ashton" */;
			compatibilityVersion = "Xcode 3.2";
			developmentRegion = English;
			hasScannedForEncodings = 0;
			knownRegions = (
				en,
			);
			mainGroup = C5F71632163E9776005B34D1;
			productRefGroup = C5F71643163E97CF005B34D1 /* Products */;
			projectDirPath = "";
			projectRoot = "";
			targets = (
				C5F71641163E97CF005B34D1 /* iOSExample */,
				C5F71686163E97EA005B34D1 /* OSXExample */,
				C5F716A5163E97EA005B34D1 /* OSXExampleTests */,
				C51BA10D18228CD100F9309F /* iOSTests */,
			);
		};
/* End PBXProject section */

/* Begin PBXResourcesBuildPhase section */
		C51BA10C18228CD100F9309F /* Resources */ = {
			isa = PBXResourcesBuildPhase;
			buildActionMask = 2147483647;
			files = (
				C51BA11918228CD100F9309F /* InfoPlist.strings in Resources */,
			);
			runOnlyForDeploymentPostprocessing = 0;
		};
		C5F71640163E97CF005B34D1 /* Resources */ = {
			isa = PBXResourcesBuildPhase;
			buildActionMask = 2147483647;
			files = (
				C5F71651163E97CF005B34D1 /* InfoPlist.strings in Resources */,
				C5F71659163E97CF005B34D1 /* Default.png in Resources */,
				C5F7165B163E97CF005B34D1 /* Default@2x.png in Resources */,
				C5F7165D163E97CF005B34D1 /* Default-568h@2x.png in Resources */,
				C5F71660163E97CF005B34D1 /* MainStoryboard.storyboard in Resources */,
				C54BA90C1651613200D057E7 /* Test1.html in Resources */,
				C54BA90D1651613200D057E7 /* TextEdit Test Document.html in Resources */,
			);
			runOnlyForDeploymentPostprocessing = 0;
		};
		C5F71685163E97EA005B34D1 /* Resources */ = {
			isa = PBXResourcesBuildPhase;
			buildActionMask = 2147483647;
			files = (
				C5DC48961647F50C009FEA27 /* TextEdit Test Document.rtf in Resources */,
				C57D6ADC16499E8A0089E70A /* Test1.rtf in Resources */,
				C5F71694163E97EA005B34D1 /* InfoPlist.strings in Resources */,
				C5F716A0163E97EA005B34D1 /* MainMenu.xib in Resources */,
			);
			runOnlyForDeploymentPostprocessing = 0;
		};
		C5F716A3163E97EA005B34D1 /* Resources */ = {
			isa = PBXResourcesBuildPhase;
			buildActionMask = 2147483647;
			files = (
				C5F716B0163E97EA005B34D1 /* InfoPlist.strings in Resources */,
				C5AC35A3163ED13700C233FE /* TextEdit Test Document.rtf in Resources */,
				C57D6ADB16499E810089E70A /* Test1.rtf in Resources */,
				C5164BBA165E782A0079F4A9 /* Typography.rtf in Resources */,
				C5164BBD165E86DB0079F4A9 /* isolated.rtf in Resources */,
			);
			runOnlyForDeploymentPostprocessing = 0;
		};
/* End PBXResourcesBuildPhase section */

/* Begin PBXShellScriptBuildPhase section */
		C5F716A4163E97EA005B34D1 /* ShellScript */ = {
			isa = PBXShellScriptBuildPhase;
			buildActionMask = 2147483647;
			files = (
			);
			inputPaths = (
			);
			outputPaths = (
			);
			runOnlyForDeploymentPostprocessing = 0;
			shellPath = /bin/sh;
			shellScript = "# Run the unit tests in this test bundle.\n\"${SYSTEM_DEVELOPER_DIR}/Tools/RunUnitTests\"\n";
		};
/* End PBXShellScriptBuildPhase section */

/* Begin PBXSourcesBuildPhase section */
		C51BA10A18228CD100F9309F /* Sources */ = {
			isa = PBXSourcesBuildPhase;
			buildActionMask = 2147483647;
			files = (
				C51BA11B18228CD100F9309F /* iOSTests.m in Sources */,
			);
			runOnlyForDeploymentPostprocessing = 0;
		};
		C5F7163E163E97CF005B34D1 /* Sources */ = {
			isa = PBXSourcesBuildPhase;
			buildActionMask = 2147483647;
			files = (
				C5F71653163E97CF005B34D1 /* main.m in Sources */,
				C5F71657163E97CF005B34D1 /* iOSAppDelegate.m in Sources */,
				C5F71666163E97CF005B34D1 /* iOSViewController.m in Sources */,
				C51B5D8116454F8C00D2062B /* NSAttributedString+Ashton.m in Sources */,
				C55FCAB1185A284D004E64EA /* AshtonMarkdownReader.m in Sources */,
				C51B5D8D164557C900D2062B /* AshtonCoreText.m in Sources */,
				C5DC48921647F0D7009FEA27 /* iOSCoreTextView.m in Sources */,
				C57D6AD0164968F00089E70A /* AshtonUIKit.m in Sources */,
				C57D6AD416496D280089E70A /* AshtonHTMLWriter.m in Sources */,
				C57D6B17164AA5300089E70A /* AshtonHTMLReader.m in Sources */,
				C54BA9111651699F00D057E7 /* iOSUIKitTextViewController.m in Sources */,
				C566DF9D169ABCD100579E94 /* AshtonIntermediate.m in Sources */,
				C55FCAB7185A2867004E64EA /* AshtonMarkdownWriter.m in Sources */,
				C53879D816FA0DE400908630 /* AshtonUtils.m in Sources */,
			);
			runOnlyForDeploymentPostprocessing = 0;
		};
		C5F71683163E97EA005B34D1 /* Sources */ = {
			isa = PBXSourcesBuildPhase;
			buildActionMask = 2147483647;
			files = (
				C5F71696163E97EA005B34D1 /* main.m in Sources */,
				C55FCAB2185A284D004E64EA /* AshtonMarkdownReader.m in Sources */,
				C55FCAB8185A2867004E64EA /* AshtonMarkdownWriter.m in Sources */,
				C5F7169D163E97EA005B34D1 /* OSXAppDelegate.m in Sources */,
				C51B5D7916454AD300D2062B /* AshtonAppKit.m in Sources */,
				C51B5D8216454F8C00D2062B /* NSAttributedString+Ashton.m in Sources */,
				C51B5D8E164557C900D2062B /* AshtonCoreText.m in Sources */,
				C5DC48951647F288009FEA27 /* OSXCoreTextView.m in Sources */,
				C57D6AD516496D280089E70A /* AshtonHTMLWriter.m in Sources */,
				C57D6B18164AA5300089E70A /* AshtonHTMLReader.m in Sources */,
				C566DF9E169ABCD100579E94 /* AshtonIntermediate.m in Sources */,
				C53879D916FA0DE400908630 /* AshtonUtils.m in Sources */,
			);
			runOnlyForDeploymentPostprocessing = 0;
		};
		C5F716A1163E97EA005B34D1 /* Sources */ = {
			isa = PBXSourcesBuildPhase;
			buildActionMask = 2147483647;
			files = (
				C55FCABA185B4437004E64EA /* AshtonMarkdownWriterTest.m in Sources */,
				C5F716B3163E97EA005B34D1 /* OSXExampleTests.m in Sources */,
				C53879A816F9F01900908630 /* AshtonCSSTests.m in Sources */,
				C5E35C5A1700541E00A386A7 /* AshtonAppKitTests.m in Sources */,
				C56B7B6C17378DD000C5D751 /* AshtonHTMLTests.m in Sources */,
			);
			runOnlyForDeploymentPostprocessing = 0;
		};
/* End PBXSourcesBuildPhase section */

/* Begin PBXTargetDependency section */
		C51BA11E18228CD100F9309F /* PBXTargetDependency */ = {
			isa = PBXTargetDependency;
			target = C5F71641163E97CF005B34D1 /* iOSExample */;
			targetProxy = C51BA11D18228CD100F9309F /* PBXContainerItemProxy */;
		};
		C5F716AA163E97EA005B34D1 /* PBXTargetDependency */ = {
			isa = PBXTargetDependency;
			target = C5F71686163E97EA005B34D1 /* OSXExample */;
			targetProxy = C5F716A9163E97EA005B34D1 /* PBXContainerItemProxy */;
		};
/* End PBXTargetDependency section */

/* Begin PBXVariantGroup section */
		C51BA11718228CD100F9309F /* InfoPlist.strings */ = {
			isa = PBXVariantGroup;
			children = (
				C51BA11818228CD100F9309F /* en */,
			);
			name = InfoPlist.strings;
			sourceTree = "<group>";
		};
		C5F7164F163E97CF005B34D1 /* InfoPlist.strings */ = {
			isa = PBXVariantGroup;
			children = (
				C5F71650163E97CF005B34D1 /* en */,
			);
			name = InfoPlist.strings;
			sourceTree = "<group>";
		};
		C5F7165E163E97CF005B34D1 /* MainStoryboard.storyboard */ = {
			isa = PBXVariantGroup;
			children = (
				C5F7165F163E97CF005B34D1 /* en */,
			);
			name = MainStoryboard.storyboard;
			sourceTree = "<group>";
		};
		C5F71692163E97EA005B34D1 /* InfoPlist.strings */ = {
			isa = PBXVariantGroup;
			children = (
				C5F71693163E97EA005B34D1 /* en */,
			);
			name = InfoPlist.strings;
			sourceTree = "<group>";
		};
		C5F7169E163E97EA005B34D1 /* MainMenu.xib */ = {
			isa = PBXVariantGroup;
			children = (
				C5F7169F163E97EA005B34D1 /* en */,
			);
			name = MainMenu.xib;
			sourceTree = "<group>";
		};
		C5F716AE163E97EA005B34D1 /* InfoPlist.strings */ = {
			isa = PBXVariantGroup;
			children = (
				C5F716AF163E97EA005B34D1 /* en */,
			);
			name = InfoPlist.strings;
			sourceTree = "<group>";
		};
/* End PBXVariantGroup section */

/* Begin XCBuildConfiguration section */
		C51BA12018228CD100F9309F /* Debug */ = {
			isa = XCBuildConfiguration;
			buildSettings = {
				ARCHS = "$(ARCHS_STANDARD_INCLUDING_64_BIT)";
				BUNDLE_LOADER = "$(BUILT_PRODUCTS_DIR)/iOSExample.app/iOSExample";
				CLANG_CXX_LANGUAGE_STANDARD = "gnu++0x";
				CLANG_CXX_LIBRARY = "libc++";
				CLANG_ENABLE_MODULES = YES;
				CLANG_WARN_BOOL_CONVERSION = YES;
				CLANG_WARN_CONSTANT_CONVERSION = YES;
				CLANG_WARN_DIRECT_OBJC_ISA_USAGE = YES_ERROR;
				CLANG_WARN_ENUM_CONVERSION = YES;
				CLANG_WARN_INT_CONVERSION = YES;
				CLANG_WARN_OBJC_ROOT_CLASS = YES_ERROR;
				FRAMEWORK_SEARCH_PATHS = (
					"$(SDKROOT)/Developer/Library/Frameworks",
					"$(inherited)",
					"$(DEVELOPER_FRAMEWORKS_DIR)",
				);
				GCC_PRECOMPILE_PREFIX_HEADER = YES;
				GCC_PREFIX_HEADER = "iOSTests/iOSTests-Prefix.pch";
				GCC_PREPROCESSOR_DEFINITIONS = (
					"DEBUG=1",
					"$(inherited)",
				);
				GCC_WARN_ABOUT_RETURN_TYPE = YES_ERROR;
				GCC_WARN_UNDECLARED_SELECTOR = YES;
				GCC_WARN_UNUSED_FUNCTION = YES;
				INFOPLIST_FILE = "iOSTests/iOSTests-Info.plist";
				IPHONEOS_DEPLOYMENT_TARGET = 7.0;
				PRODUCT_NAME = "$(TARGET_NAME)";
				SDKROOT = iphoneos;
				TEST_HOST = "$(BUNDLE_LOADER)";
				WRAPPER_EXTENSION = xctest;
			};
			name = Debug;
		};
		C51BA12118228CD100F9309F /* Release */ = {
			isa = XCBuildConfiguration;
			buildSettings = {
				ARCHS = "$(ARCHS_STANDARD_INCLUDING_64_BIT)";
				BUNDLE_LOADER = "$(BUILT_PRODUCTS_DIR)/iOSExample.app/iOSExample";
				CLANG_CXX_LANGUAGE_STANDARD = "gnu++0x";
				CLANG_CXX_LIBRARY = "libc++";
				CLANG_ENABLE_MODULES = YES;
				CLANG_WARN_BOOL_CONVERSION = YES;
				CLANG_WARN_CONSTANT_CONVERSION = YES;
				CLANG_WARN_DIRECT_OBJC_ISA_USAGE = YES_ERROR;
				CLANG_WARN_ENUM_CONVERSION = YES;
				CLANG_WARN_INT_CONVERSION = YES;
				CLANG_WARN_OBJC_ROOT_CLASS = YES_ERROR;
				ENABLE_NS_ASSERTIONS = NO;
				FRAMEWORK_SEARCH_PATHS = (
					"$(SDKROOT)/Developer/Library/Frameworks",
					"$(inherited)",
					"$(DEVELOPER_FRAMEWORKS_DIR)",
				);
				GCC_PRECOMPILE_PREFIX_HEADER = YES;
				GCC_PREFIX_HEADER = "iOSTests/iOSTests-Prefix.pch";
				GCC_WARN_ABOUT_RETURN_TYPE = YES_ERROR;
				GCC_WARN_UNDECLARED_SELECTOR = YES;
				GCC_WARN_UNUSED_FUNCTION = YES;
				INFOPLIST_FILE = "iOSTests/iOSTests-Info.plist";
				IPHONEOS_DEPLOYMENT_TARGET = 7.0;
				PRODUCT_NAME = "$(TARGET_NAME)";
				SDKROOT = iphoneos;
				TEST_HOST = "$(BUNDLE_LOADER)";
				WRAPPER_EXTENSION = xctest;
			};
			name = Release;
		};
		C5F71639163E9776005B34D1 /* Debug */ = {
			isa = XCBuildConfiguration;
			buildSettings = {
				ALWAYS_SEARCH_USER_PATHS = NO;
				CLANG_ENABLE_OBJC_ARC = YES;
				CLANG_WARN_EMPTY_BODY = YES;
				CLANG_WARN_IMPLICIT_SIGN_CONVERSION = YES;
				CLANG_WARN__DUPLICATE_METHOD_MATCH = YES;
				COPY_PHASE_STRIP = NO;
				FRAMEWORK_SEARCH_PATHS = "";
				GCC_C_LANGUAGE_STANDARD = gnu99;
				GCC_DYNAMIC_NO_PIC = NO;
				GCC_ENABLE_OBJC_EXCEPTIONS = YES;
				GCC_OPTIMIZATION_LEVEL = 0;
				GCC_PREPROCESSOR_DEFINITIONS = "DEBUG=1";
				GCC_SYMBOLS_PRIVATE_EXTERN = NO;
				GCC_WARN_64_TO_32_BIT_CONVERSION = YES;
				GCC_WARN_ABOUT_RETURN_TYPE = YES;
				GCC_WARN_UNINITIALIZED_AUTOS = YES;
				GCC_WARN_UNUSED_VARIABLE = YES;
				IPHONEOS_DEPLOYMENT_TARGET = 6.1;
				MACOSX_DEPLOYMENT_TARGET = 10.7;
				ONLY_ACTIVE_ARCH = YES;
			};
			name = Debug;
		};
		C5F7163A163E9776005B34D1 /* Release */ = {
			isa = XCBuildConfiguration;
			buildSettings = {
				ALWAYS_SEARCH_USER_PATHS = NO;
				CLANG_ENABLE_OBJC_ARC = YES;
				CLANG_WARN_EMPTY_BODY = YES;
				CLANG_WARN_IMPLICIT_SIGN_CONVERSION = YES;
				CLANG_WARN__DUPLICATE_METHOD_MATCH = YES;
				COPY_PHASE_STRIP = YES;
				FRAMEWORK_SEARCH_PATHS = "";
				GCC_C_LANGUAGE_STANDARD = gnu99;
				GCC_DYNAMIC_NO_PIC = NO;
				GCC_ENABLE_OBJC_EXCEPTIONS = YES;
				GCC_SYMBOLS_PRIVATE_EXTERN = NO;
				GCC_WARN_64_TO_32_BIT_CONVERSION = YES;
				GCC_WARN_ABOUT_RETURN_TYPE = YES;
				GCC_WARN_UNINITIALIZED_AUTOS = YES;
				GCC_WARN_UNUSED_VARIABLE = YES;
				IPHONEOS_DEPLOYMENT_TARGET = 6.1;
				MACOSX_DEPLOYMENT_TARGET = 10.7;
				OTHER_CFLAGS = "-DNS_BLOCK_ASSERTIONS=1";
				VALIDATE_PRODUCT = YES;
			};
			name = Release;
		};
		C5F7167C163E97CF005B34D1 /* Debug */ = {
			isa = XCBuildConfiguration;
			buildSettings = {
				CODE_SIGN_IDENTITY = "iPhone Developer";
				GCC_DYNAMIC_NO_PIC = NO;
				GCC_OPTIMIZATION_LEVEL = 0;
				GCC_PRECOMPILE_PREFIX_HEADER = YES;
				GCC_PREFIX_HEADER = "iOSExample/iOSExample-Prefix.pch";
				GCC_SYMBOLS_PRIVATE_EXTERN = NO;
				INFOPLIST_FILE = "iOSExample/iOSExample-Info.plist";
				IPHONEOS_DEPLOYMENT_TARGET = 5.0;
				PRODUCT_NAME = "$(TARGET_NAME)";
				PROVISIONING_PROFILE = "";
				SDKROOT = iphoneos;
				TARGETED_DEVICE_FAMILY = 1;
				WRAPPER_EXTENSION = app;
			};
			name = Debug;
		};
		C5F7167D163E97CF005B34D1 /* Release */ = {
			isa = XCBuildConfiguration;
			buildSettings = {
				CODE_SIGN_IDENTITY = "iPhone Developer";
				GCC_PRECOMPILE_PREFIX_HEADER = YES;
				GCC_PREFIX_HEADER = "iOSExample/iOSExample-Prefix.pch";
				INFOPLIST_FILE = "iOSExample/iOSExample-Info.plist";
				IPHONEOS_DEPLOYMENT_TARGET = 5.0;
				PRODUCT_NAME = "$(TARGET_NAME)";
				PROVISIONING_PROFILE = "";
				SDKROOT = iphoneos;
				TARGETED_DEVICE_FAMILY = 1;
				WRAPPER_EXTENSION = app;
			};
			name = Release;
		};
		C5F716B5163E97EA005B34D1 /* Debug */ = {
			isa = XCBuildConfiguration;
			buildSettings = {
				ALWAYS_SEARCH_USER_PATHS = NO;
				ARCHS = "$(ARCHS_STANDARD_64_BIT)";
				CODE_SIGN_IDENTITY = "Mac Developer";
				COMBINE_HIDPI_IMAGES = YES;
				GCC_DYNAMIC_NO_PIC = NO;
				GCC_ENABLE_OBJC_EXCEPTIONS = YES;
				GCC_OPTIMIZATION_LEVEL = 0;
				GCC_PRECOMPILE_PREFIX_HEADER = YES;
				GCC_PREFIX_HEADER = "OSXExample/OSXExample-Prefix.pch";
				GCC_SYMBOLS_PRIVATE_EXTERN = NO;
				INFOPLIST_FILE = "OSXExample/OSXExample-Info.plist";
				MACOSX_DEPLOYMENT_TARGET = 10.8;
				PRODUCT_NAME = "$(TARGET_NAME)";
				PROVISIONING_PROFILE = "";
				SDKROOT = macosx;
				WRAPPER_EXTENSION = app;
			};
			name = Debug;
		};
		C5F716B6163E97EA005B34D1 /* Release */ = {
			isa = XCBuildConfiguration;
			buildSettings = {
				ALWAYS_SEARCH_USER_PATHS = NO;
				ARCHS = "$(ARCHS_STANDARD_64_BIT)";
				CODE_SIGN_IDENTITY = "Mac Developer";
				COMBINE_HIDPI_IMAGES = YES;
				DEBUG_INFORMATION_FORMAT = "dwarf-with-dsym";
				GCC_ENABLE_OBJC_EXCEPTIONS = YES;
				GCC_PRECOMPILE_PREFIX_HEADER = YES;
				GCC_PREFIX_HEADER = "OSXExample/OSXExample-Prefix.pch";
				INFOPLIST_FILE = "OSXExample/OSXExample-Info.plist";
				MACOSX_DEPLOYMENT_TARGET = 10.8;
				PRODUCT_NAME = "$(TARGET_NAME)";
				PROVISIONING_PROFILE = "";
				SDKROOT = macosx;
				WRAPPER_EXTENSION = app;
			};
			name = Release;
		};
		C5F716B8163E97EA005B34D1 /* Debug */ = {
			isa = XCBuildConfiguration;
			buildSettings = {
				ALWAYS_SEARCH_USER_PATHS = NO;
				ARCHS = "$(ARCHS_STANDARD_64_BIT)";
				BUNDLE_LOADER = "$(BUILT_PRODUCTS_DIR)/OSXExample.app/Contents/MacOS/OSXExample";
				CODE_SIGN_IDENTITY = "Mac Developer";
				COMBINE_HIDPI_IMAGES = YES;
				FRAMEWORK_SEARCH_PATHS = (
					"$(inherited)",
					"$(DEVELOPER_FRAMEWORKS_DIR)",
				);
				GCC_PRECOMPILE_PREFIX_HEADER = YES;
				GCC_PREFIX_HEADER = "OSXExample/OSXExample-Prefix.pch";
				INFOPLIST_FILE = "OSXExampleTests/OSXExampleTests-Info.plist";
				MACOSX_DEPLOYMENT_TARGET = 10.8;
				PRODUCT_NAME = "$(TARGET_NAME)";
				PROVISIONING_PROFILE = "";
				SDKROOT = macosx;
				TEST_HOST = "$(BUNDLE_LOADER)";
			};
			name = Debug;
		};
		C5F716B9163E97EA005B34D1 /* Release */ = {
			isa = XCBuildConfiguration;
			buildSettings = {
				ALWAYS_SEARCH_USER_PATHS = NO;
				ARCHS = "$(ARCHS_STANDARD_64_BIT)";
				BUNDLE_LOADER = "$(BUILT_PRODUCTS_DIR)/OSXExample.app/Contents/MacOS/OSXExample";
				CODE_SIGN_IDENTITY = "Mac Developer";
				COMBINE_HIDPI_IMAGES = YES;
				DEBUG_INFORMATION_FORMAT = "dwarf-with-dsym";
				FRAMEWORK_SEARCH_PATHS = (
					"$(inherited)",
					"$(DEVELOPER_FRAMEWORKS_DIR)",
				);
				GCC_PRECOMPILE_PREFIX_HEADER = YES;
				GCC_PREFIX_HEADER = "OSXExample/OSXExample-Prefix.pch";
				INFOPLIST_FILE = "OSXExampleTests/OSXExampleTests-Info.plist";
				MACOSX_DEPLOYMENT_TARGET = 10.8;
				PRODUCT_NAME = "$(TARGET_NAME)";
				PROVISIONING_PROFILE = "";
				SDKROOT = macosx;
				TEST_HOST = "$(BUNDLE_LOADER)";
			};
			name = Release;
		};
/* End XCBuildConfiguration section */

/* Begin XCConfigurationList section */
		C51BA11F18228CD100F9309F /* Build configuration list for PBXNativeTarget "iOSTests" */ = {
			isa = XCConfigurationList;
			buildConfigurations = (
				C51BA12018228CD100F9309F /* Debug */,
				C51BA12118228CD100F9309F /* Release */,
			);
			defaultConfigurationIsVisible = 0;
			defaultConfigurationName = Release;
		};
		C5F71637163E9776005B34D1 /* Build configuration list for PBXProject "Ashton" */ = {
			isa = XCConfigurationList;
			buildConfigurations = (
				C5F71639163E9776005B34D1 /* Debug */,
				C5F7163A163E9776005B34D1 /* Release */,
			);
			defaultConfigurationIsVisible = 0;
			defaultConfigurationName = Release;
		};
		C5F71680163E97CF005B34D1 /* Build configuration list for PBXNativeTarget "iOSExample" */ = {
			isa = XCConfigurationList;
			buildConfigurations = (
				C5F7167C163E97CF005B34D1 /* Debug */,
				C5F7167D163E97CF005B34D1 /* Release */,
			);
			defaultConfigurationIsVisible = 0;
			defaultConfigurationName = Release;
		};
		C5F716B4163E97EA005B34D1 /* Build configuration list for PBXNativeTarget "OSXExample" */ = {
			isa = XCConfigurationList;
			buildConfigurations = (
				C5F716B5163E97EA005B34D1 /* Debug */,
				C5F716B6163E97EA005B34D1 /* Release */,
			);
			defaultConfigurationIsVisible = 0;
			defaultConfigurationName = Release;
		};
		C5F716B7163E97EA005B34D1 /* Build configuration list for PBXNativeTarget "OSXExampleTests" */ = {
			isa = XCConfigurationList;
			buildConfigurations = (
				C5F716B8163E97EA005B34D1 /* Debug */,
				C5F716B9163E97EA005B34D1 /* Release */,
			);
			defaultConfigurationIsVisible = 0;
			defaultConfigurationName = Release;
		};
/* End XCConfigurationList section */
	};
	rootObject = C5F71634163E9776005B34D1 /* Project object */;
}
