// !$*UTF8*$!
{
	archiveVersion = 1;
	classes = {
	};
	objectVersion = 46;
	objects = {

/* Begin PBXBuildFile section */
		C5AC356A163EB26E00C233FE /* UIKit.framework in Frameworks */ = {isa = PBXBuildFile; fileRef = C5AC3569163EB26E00C233FE /* UIKit.framework */; };
		C5AC356B163EB28100C233FE /* UIKit.framework in Frameworks */ = {isa = PBXBuildFile; fileRef = C5AC3569163EB26E00C233FE /* UIKit.framework */; };
		C5AC356D163EB28900C233FE /* Cocoa.framework in Frameworks */ = {isa = PBXBuildFile; fileRef = C5AC356C163EB28900C233FE /* Cocoa.framework */; };
		C5AC356E163EB29100C233FE /* Cocoa.framework in Frameworks */ = {isa = PBXBuildFile; fileRef = C5AC356C163EB28900C233FE /* Cocoa.framework */; };
		C5AC3572163EB6B900C233FE /* MSAttributedStringSerialization.m in Sources */ = {isa = PBXBuildFile; fileRef = C5AC3571163EB6B900C233FE /* MSAttributedStringSerialization.m */; };
		C5AC3574163EB6B900C233FE /* MSAttributedStringSerialization.m in Sources */ = {isa = PBXBuildFile; fileRef = C5AC3571163EB6B900C233FE /* MSAttributedStringSerialization.m */; };
		C5AC358C163EBD1100C233FE /* MSASSHTMLWriter.m in Sources */ = {isa = PBXBuildFile; fileRef = C5AC358B163EBD1100C233FE /* MSASSHTMLWriter.m */; };
		C5AC358E163EBD1100C233FE /* MSASSHTMLWriter.m in Sources */ = {isa = PBXBuildFile; fileRef = C5AC358B163EBD1100C233FE /* MSASSHTMLWriter.m */; };
		C5AC3591163EC0BA00C233FE /* MSASSUtils.h in Resources */ = {isa = PBXBuildFile; fileRef = C5AC3590163EC0BA00C233FE /* MSASSUtils.h */; };
		C5AC3592163EC0BA00C233FE /* MSASSUtils.h in Resources */ = {isa = PBXBuildFile; fileRef = C5AC3590163EC0BA00C233FE /* MSASSUtils.h */; };
		C5AC3593163EC0BA00C233FE /* MSASSUtils.h in Resources */ = {isa = PBXBuildFile; fileRef = C5AC3590163EC0BA00C233FE /* MSASSUtils.h */; };
		C5AC3594163EC0BA00C233FE /* MSASSUtils.h in Resources */ = {isa = PBXBuildFile; fileRef = C5AC3590163EC0BA00C233FE /* MSASSUtils.h */; };
		C5AC359C163EC42100C233FE /* MSASSUtils.m in Sources */ = {isa = PBXBuildFile; fileRef = C5AC359B163EC42100C233FE /* MSASSUtils.m */; };
		C5AC359D163EC42100C233FE /* MSASSUtils.m in Sources */ = {isa = PBXBuildFile; fileRef = C5AC359B163EC42100C233FE /* MSASSUtils.m */; };
		C5AC35A3163ED13700C233FE /* TextEdit Test Document.rtf in Resources */ = {isa = PBXBuildFile; fileRef = C5AC35A2163ED13700C233FE /* TextEdit Test Document.rtf */; };
		C5AC35AB16404C9B00C233FE /* MSASSHTMLWriterCoreText.m in Sources */ = {isa = PBXBuildFile; fileRef = C5AC35AA16404C9B00C233FE /* MSASSHTMLWriterCoreText.m */; };
		C5AC35AC16404C9B00C233FE /* MSASSHTMLWriterCoreText.m in Sources */ = {isa = PBXBuildFile; fileRef = C5AC35AA16404C9B00C233FE /* MSASSHTMLWriterCoreText.m */; };
		C5AC35B016404D3700C233FE /* MSASSHTMLWriterAppKit.m in Sources */ = {isa = PBXBuildFile; fileRef = C5AC35AE16404D3700C233FE /* MSASSHTMLWriterAppKit.m */; };
		C5AC35B71640525100C233FE /* MSASSHTMLWriterUIKit.m in Sources */ = {isa = PBXBuildFile; fileRef = C5AC35B61640525100C233FE /* MSASSHTMLWriterUIKit.m */; };
		C5F71651163E97CF005B34D1 /* InfoPlist.strings in Resources */ = {isa = PBXBuildFile; fileRef = C5F7164F163E97CF005B34D1 /* InfoPlist.strings */; };
		C5F71653163E97CF005B34D1 /* main.m in Sources */ = {isa = PBXBuildFile; fileRef = C5F71652163E97CF005B34D1 /* main.m */; };
		C5F71657163E97CF005B34D1 /* iOSAppDelegate.m in Sources */ = {isa = PBXBuildFile; fileRef = C5F71656163E97CF005B34D1 /* iOSAppDelegate.m */; };
		C5F71659163E97CF005B34D1 /* Default.png in Resources */ = {isa = PBXBuildFile; fileRef = C5F71658163E97CF005B34D1 /* Default.png */; };
		C5F7165B163E97CF005B34D1 /* Default@2x.png in Resources */ = {isa = PBXBuildFile; fileRef = C5F7165A163E97CF005B34D1 /* Default@2x.png */; };
		C5F7165D163E97CF005B34D1 /* Default-568h@2x.png in Resources */ = {isa = PBXBuildFile; fileRef = C5F7165C163E97CF005B34D1 /* Default-568h@2x.png */; };
		C5F71660163E97CF005B34D1 /* MainStoryboard_iPhone.storyboard in Resources */ = {isa = PBXBuildFile; fileRef = C5F7165E163E97CF005B34D1 /* MainStoryboard_iPhone.storyboard */; };
		C5F71663163E97CF005B34D1 /* MainStoryboard_iPad.storyboard in Resources */ = {isa = PBXBuildFile; fileRef = C5F71661163E97CF005B34D1 /* MainStoryboard_iPad.storyboard */; };
		C5F71666163E97CF005B34D1 /* iOSViewController.m in Sources */ = {isa = PBXBuildFile; fileRef = C5F71665163E97CF005B34D1 /* iOSViewController.m */; };
		C5F7166E163E97CF005B34D1 /* SenTestingKit.framework in Frameworks */ = {isa = PBXBuildFile; fileRef = C5F7166D163E97CF005B34D1 /* SenTestingKit.framework */; };
		C5F71678163E97CF005B34D1 /* InfoPlist.strings in Resources */ = {isa = PBXBuildFile; fileRef = C5F71676163E97CF005B34D1 /* InfoPlist.strings */; };
		C5F7167B163E97CF005B34D1 /* iOSExampleTests.m in Sources */ = {isa = PBXBuildFile; fileRef = C5F7167A163E97CF005B34D1 /* iOSExampleTests.m */; };
		C5F71694163E97EA005B34D1 /* InfoPlist.strings in Resources */ = {isa = PBXBuildFile; fileRef = C5F71692163E97EA005B34D1 /* InfoPlist.strings */; };
		C5F71696163E97EA005B34D1 /* main.m in Sources */ = {isa = PBXBuildFile; fileRef = C5F71695163E97EA005B34D1 /* main.m */; };
		C5F7169D163E97EA005B34D1 /* OSXAppDelegate.m in Sources */ = {isa = PBXBuildFile; fileRef = C5F7169C163E97EA005B34D1 /* OSXAppDelegate.m */; };
		C5F716A0163E97EA005B34D1 /* MainMenu.xib in Resources */ = {isa = PBXBuildFile; fileRef = C5F7169E163E97EA005B34D1 /* MainMenu.xib */; };
		C5F716A7163E97EA005B34D1 /* SenTestingKit.framework in Frameworks */ = {isa = PBXBuildFile; fileRef = C5F7166D163E97CF005B34D1 /* SenTestingKit.framework */; };
		C5F716B0163E97EA005B34D1 /* InfoPlist.strings in Resources */ = {isa = PBXBuildFile; fileRef = C5F716AE163E97EA005B34D1 /* InfoPlist.strings */; };
		C5F716B3163E97EA005B34D1 /* OSXExampleTests.m in Sources */ = {isa = PBXBuildFile; fileRef = C5F716B2163E97EA005B34D1 /* OSXExampleTests.m */; };
/* End PBXBuildFile section */

/* Begin PBXContainerItemProxy section */
		C5F71671163E97CF005B34D1 /* PBXContainerItemProxy */ = {
			isa = PBXContainerItemProxy;
			containerPortal = C5F71634163E9776005B34D1 /* Project object */;
			proxyType = 1;
			remoteGlobalIDString = C5F71641163E97CF005B34D1;
			remoteInfo = iOSExample;
		};
		C5F716A9163E97EA005B34D1 /* PBXContainerItemProxy */ = {
			isa = PBXContainerItemProxy;
			containerPortal = C5F71634163E9776005B34D1 /* Project object */;
			proxyType = 1;
			remoteGlobalIDString = C5F71686163E97EA005B34D1;
			remoteInfo = OSXExample;
		};
/* End PBXContainerItemProxy section */

/* Begin PBXFileReference section */
		C5AC3569163EB26E00C233FE /* UIKit.framework */ = {isa = PBXFileReference; lastKnownFileType = wrapper.framework; name = UIKit.framework; path = Platforms/iPhoneOS.platform/Developer/SDKs/iPhoneOS6.0.sdk/System/Library/Frameworks/UIKit.framework; sourceTree = DEVELOPER_DIR; };
		C5AC356C163EB28900C233FE /* Cocoa.framework */ = {isa = PBXFileReference; lastKnownFileType = wrapper.framework; name = Cocoa.framework; path = Platforms/MacOSX.platform/Developer/SDKs/MacOSX10.8.sdk/System/Library/Frameworks/Cocoa.framework; sourceTree = DEVELOPER_DIR; };
		C5AC3570163EB6B900C233FE /* MSAttributedStringSerialization.h */ = {isa = PBXFileReference; fileEncoding = 4; lastKnownFileType = sourcecode.c.h; path = MSAttributedStringSerialization.h; sourceTree = "<group>"; };
		C5AC3571163EB6B900C233FE /* MSAttributedStringSerialization.m */ = {isa = PBXFileReference; fileEncoding = 4; lastKnownFileType = sourcecode.c.objc; path = MSAttributedStringSerialization.m; sourceTree = "<group>"; };
		C5AC358A163EBD1100C233FE /* MSASSHTMLWriter.h */ = {isa = PBXFileReference; fileEncoding = 4; lastKnownFileType = sourcecode.c.h; path = MSASSHTMLWriter.h; sourceTree = "<group>"; };
		C5AC358B163EBD1100C233FE /* MSASSHTMLWriter.m */ = {isa = PBXFileReference; fileEncoding = 4; lastKnownFileType = sourcecode.c.objc; path = MSASSHTMLWriter.m; sourceTree = "<group>"; };
		C5AC3590163EC0BA00C233FE /* MSASSUtils.h */ = {isa = PBXFileReference; fileEncoding = 4; lastKnownFileType = sourcecode.c.h; path = MSASSUtils.h; sourceTree = "<group>"; };
		C5AC359B163EC42100C233FE /* MSASSUtils.m */ = {isa = PBXFileReference; fileEncoding = 4; lastKnownFileType = sourcecode.c.objc; path = MSASSUtils.m; sourceTree = "<group>"; };
		C5AC35A2163ED13700C233FE /* TextEdit Test Document.rtf */ = {isa = PBXFileReference; fileEncoding = 4; lastKnownFileType = text.rtf; path = "TextEdit Test Document.rtf"; sourceTree = "<group>"; };
		C5AC35A916404C9B00C233FE /* MSASSHTMLWriterCoreText.h */ = {isa = PBXFileReference; fileEncoding = 4; lastKnownFileType = sourcecode.c.h; path = MSASSHTMLWriterCoreText.h; sourceTree = "<group>"; };
		C5AC35AA16404C9B00C233FE /* MSASSHTMLWriterCoreText.m */ = {isa = PBXFileReference; fileEncoding = 4; lastKnownFileType = sourcecode.c.objc; path = MSASSHTMLWriterCoreText.m; sourceTree = "<group>"; };
		C5AC35AD16404D3700C233FE /* MSASSHTMLWriterAppKit.h */ = {isa = PBXFileReference; fileEncoding = 4; lastKnownFileType = sourcecode.c.h; path = MSASSHTMLWriterAppKit.h; sourceTree = "<group>"; };
		C5AC35AE16404D3700C233FE /* MSASSHTMLWriterAppKit.m */ = {isa = PBXFileReference; fileEncoding = 4; lastKnownFileType = sourcecode.c.objc; path = MSASSHTMLWriterAppKit.m; sourceTree = "<group>"; };
		C5AC35B51640525100C233FE /* MSASSHTMLWriterUIKit.h */ = {isa = PBXFileReference; fileEncoding = 4; lastKnownFileType = sourcecode.c.h; path = MSASSHTMLWriterUIKit.h; sourceTree = "<group>"; };
		C5AC35B61640525100C233FE /* MSASSHTMLWriterUIKit.m */ = {isa = PBXFileReference; fileEncoding = 4; lastKnownFileType = sourcecode.c.objc; path = MSASSHTMLWriterUIKit.m; sourceTree = "<group>"; };
		C5F71642163E97CF005B34D1 /* iOSExample.app */ = {isa = PBXFileReference; explicitFileType = wrapper.application; includeInIndex = 0; path = iOSExample.app; sourceTree = BUILT_PRODUCTS_DIR; };
		C5F7164E163E97CF005B34D1 /* iOSExample-Info.plist */ = {isa = PBXFileReference; lastKnownFileType = text.plist.xml; path = "iOSExample-Info.plist"; sourceTree = "<group>"; };
		C5F71650163E97CF005B34D1 /* en */ = {isa = PBXFileReference; lastKnownFileType = text.plist.strings; name = en; path = en.lproj/InfoPlist.strings; sourceTree = "<group>"; };
		C5F71652163E97CF005B34D1 /* main.m */ = {isa = PBXFileReference; lastKnownFileType = sourcecode.c.objc; path = main.m; sourceTree = "<group>"; };
		C5F71654163E97CF005B34D1 /* iOSExample-Prefix.pch */ = {isa = PBXFileReference; lastKnownFileType = sourcecode.c.h; path = "iOSExample-Prefix.pch"; sourceTree = "<group>"; };
		C5F71655163E97CF005B34D1 /* iOSAppDelegate.h */ = {isa = PBXFileReference; lastKnownFileType = sourcecode.c.h; path = iOSAppDelegate.h; sourceTree = "<group>"; };
		C5F71656163E97CF005B34D1 /* iOSAppDelegate.m */ = {isa = PBXFileReference; lastKnownFileType = sourcecode.c.objc; path = iOSAppDelegate.m; sourceTree = "<group>"; };
		C5F71658163E97CF005B34D1 /* Default.png */ = {isa = PBXFileReference; lastKnownFileType = image.png; path = Default.png; sourceTree = "<group>"; };
		C5F7165A163E97CF005B34D1 /* Default@2x.png */ = {isa = PBXFileReference; lastKnownFileType = image.png; path = "Default@2x.png"; sourceTree = "<group>"; };
		C5F7165C163E97CF005B34D1 /* Default-568h@2x.png */ = {isa = PBXFileReference; lastKnownFileType = image.png; path = "Default-568h@2x.png"; sourceTree = "<group>"; };
		C5F7165F163E97CF005B34D1 /* en */ = {isa = PBXFileReference; lastKnownFileType = file.storyboard; name = en; path = en.lproj/MainStoryboard_iPhone.storyboard; sourceTree = "<group>"; };
		C5F71662163E97CF005B34D1 /* en */ = {isa = PBXFileReference; lastKnownFileType = file.storyboard; name = en; path = en.lproj/MainStoryboard_iPad.storyboard; sourceTree = "<group>"; };
		C5F71664163E97CF005B34D1 /* iOSViewController.h */ = {isa = PBXFileReference; lastKnownFileType = sourcecode.c.h; path = iOSViewController.h; sourceTree = "<group>"; };
		C5F71665163E97CF005B34D1 /* iOSViewController.m */ = {isa = PBXFileReference; lastKnownFileType = sourcecode.c.objc; path = iOSViewController.m; sourceTree = "<group>"; };
		C5F7166C163E97CF005B34D1 /* iOSExampleTests.octest */ = {isa = PBXFileReference; explicitFileType = wrapper.cfbundle; includeInIndex = 0; path = iOSExampleTests.octest; sourceTree = BUILT_PRODUCTS_DIR; };
		C5F7166D163E97CF005B34D1 /* SenTestingKit.framework */ = {isa = PBXFileReference; lastKnownFileType = wrapper.framework; name = SenTestingKit.framework; path = Library/Frameworks/SenTestingKit.framework; sourceTree = DEVELOPER_DIR; };
		C5F71675163E97CF005B34D1 /* iOSExampleTests-Info.plist */ = {isa = PBXFileReference; lastKnownFileType = text.plist.xml; path = "iOSExampleTests-Info.plist"; sourceTree = "<group>"; };
		C5F71677163E97CF005B34D1 /* en */ = {isa = PBXFileReference; lastKnownFileType = text.plist.strings; name = en; path = en.lproj/InfoPlist.strings; sourceTree = "<group>"; };
		C5F71679163E97CF005B34D1 /* iOSExampleTests.h */ = {isa = PBXFileReference; lastKnownFileType = sourcecode.c.h; path = iOSExampleTests.h; sourceTree = "<group>"; };
		C5F7167A163E97CF005B34D1 /* iOSExampleTests.m */ = {isa = PBXFileReference; lastKnownFileType = sourcecode.c.objc; path = iOSExampleTests.m; sourceTree = "<group>"; };
		C5F71687163E97EA005B34D1 /* OSXExample.app */ = {isa = PBXFileReference; explicitFileType = wrapper.application; includeInIndex = 0; path = OSXExample.app; sourceTree = BUILT_PRODUCTS_DIR; };
		C5F71691163E97EA005B34D1 /* OSXExample-Info.plist */ = {isa = PBXFileReference; lastKnownFileType = text.plist.xml; path = "OSXExample-Info.plist"; sourceTree = "<group>"; };
		C5F71693163E97EA005B34D1 /* en */ = {isa = PBXFileReference; lastKnownFileType = text.plist.strings; name = en; path = en.lproj/InfoPlist.strings; sourceTree = "<group>"; };
		C5F71695163E97EA005B34D1 /* main.m */ = {isa = PBXFileReference; lastKnownFileType = sourcecode.c.objc; path = main.m; sourceTree = "<group>"; };
		C5F71697163E97EA005B34D1 /* OSXExample-Prefix.pch */ = {isa = PBXFileReference; lastKnownFileType = sourcecode.c.h; path = "OSXExample-Prefix.pch"; sourceTree = "<group>"; };
		C5F7169B163E97EA005B34D1 /* OSXAppDelegate.h */ = {isa = PBXFileReference; lastKnownFileType = sourcecode.c.h; path = OSXAppDelegate.h; sourceTree = "<group>"; };
		C5F7169C163E97EA005B34D1 /* OSXAppDelegate.m */ = {isa = PBXFileReference; lastKnownFileType = sourcecode.c.objc; path = OSXAppDelegate.m; sourceTree = "<group>"; };
		C5F7169F163E97EA005B34D1 /* en */ = {isa = PBXFileReference; lastKnownFileType = file.xib; name = en; path = en.lproj/MainMenu.xib; sourceTree = "<group>"; };
		C5F716A6163E97EA005B34D1 /* OSXExampleTests.octest */ = {isa = PBXFileReference; explicitFileType = wrapper.cfbundle; includeInIndex = 0; path = OSXExampleTests.octest; sourceTree = BUILT_PRODUCTS_DIR; };
		C5F716AD163E97EA005B34D1 /* OSXExampleTests-Info.plist */ = {isa = PBXFileReference; lastKnownFileType = text.plist.xml; path = "OSXExampleTests-Info.plist"; sourceTree = "<group>"; };
		C5F716AF163E97EA005B34D1 /* en */ = {isa = PBXFileReference; lastKnownFileType = text.plist.strings; name = en; path = en.lproj/InfoPlist.strings; sourceTree = "<group>"; };
		C5F716B1163E97EA005B34D1 /* OSXExampleTests.h */ = {isa = PBXFileReference; lastKnownFileType = sourcecode.c.h; path = OSXExampleTests.h; sourceTree = "<group>"; };
		C5F716B2163E97EA005B34D1 /* OSXExampleTests.m */ = {isa = PBXFileReference; lastKnownFileType = sourcecode.c.objc; path = OSXExampleTests.m; sourceTree = "<group>"; };
/* End PBXFileReference section */

/* Begin PBXFrameworksBuildPhase section */
		C5F7163F163E97CF005B34D1 /* Frameworks */ = {
			isa = PBXFrameworksBuildPhase;
			buildActionMask = 2147483647;
			files = (
				C5AC356A163EB26E00C233FE /* UIKit.framework in Frameworks */,
			);
			runOnlyForDeploymentPostprocessing = 0;
		};
		C5F71668163E97CF005B34D1 /* Frameworks */ = {
			isa = PBXFrameworksBuildPhase;
			buildActionMask = 2147483647;
			files = (
				C5F7166E163E97CF005B34D1 /* SenTestingKit.framework in Frameworks */,
				C5AC356B163EB28100C233FE /* UIKit.framework in Frameworks */,
			);
			runOnlyForDeploymentPostprocessing = 0;
		};
		C5F71684163E97EA005B34D1 /* Frameworks */ = {
			isa = PBXFrameworksBuildPhase;
			buildActionMask = 2147483647;
			files = (
				C5AC356D163EB28900C233FE /* Cocoa.framework in Frameworks */,
			);
			runOnlyForDeploymentPostprocessing = 0;
		};
		C5F716A2163E97EA005B34D1 /* Frameworks */ = {
			isa = PBXFrameworksBuildPhase;
			buildActionMask = 2147483647;
			files = (
				C5AC356E163EB29100C233FE /* Cocoa.framework in Frameworks */,
				C5F716A7163E97EA005B34D1 /* SenTestingKit.framework in Frameworks */,
			);
			runOnlyForDeploymentPostprocessing = 0;
		};
/* End PBXFrameworksBuildPhase section */

/* Begin PBXGroup section */
		C5AC356F163EB67E00C233FE /* MSAttributedStringSerialization */ = {
			isa = PBXGroup;
			children = (
				C5AC3570163EB6B900C233FE /* MSAttributedStringSerialization.h */,
				C5AC3571163EB6B900C233FE /* MSAttributedStringSerialization.m */,
				C5AC358A163EBD1100C233FE /* MSASSHTMLWriter.h */,
				C5AC358B163EBD1100C233FE /* MSASSHTMLWriter.m */,
				C5AC35AD16404D3700C233FE /* MSASSHTMLWriterAppKit.h */,
				C5AC35AE16404D3700C233FE /* MSASSHTMLWriterAppKit.m */,
				C5AC35A916404C9B00C233FE /* MSASSHTMLWriterCoreText.h */,
				C5AC35AA16404C9B00C233FE /* MSASSHTMLWriterCoreText.m */,
				C5AC35B51640525100C233FE /* MSASSHTMLWriterUIKit.h */,
				C5AC35B61640525100C233FE /* MSASSHTMLWriterUIKit.m */,
				C5AC3590163EC0BA00C233FE /* MSASSUtils.h */,
				C5AC359B163EC42100C233FE /* MSASSUtils.m */,
			);
			path = MSAttributedStringSerialization;
			sourceTree = "<group>";
		};
		C5AC35A4163ED13E00C233FE /* Test Cases */ = {
			isa = PBXGroup;
			children = (
				C5AC35A2163ED13700C233FE /* TextEdit Test Document.rtf */,
			);
			name = "Test Cases";
			sourceTree = "<group>";
		};
		C5F71632163E9776005B34D1 = {
			isa = PBXGroup;
			children = (
				C5AC356F163EB67E00C233FE /* MSAttributedStringSerialization */,
				C5F7164C163E97CF005B34D1 /* iOSExample */,
				C5F71673163E97CF005B34D1 /* iOSExampleTests */,
				C5F7168F163E97EA005B34D1 /* OSXExample */,
				C5F716AB163E97EA005B34D1 /* OSXExampleTests */,
				C5F71645163E97CF005B34D1 /* Frameworks */,
				C5F71643163E97CF005B34D1 /* Products */,
			);
			sourceTree = "<group>";
		};
		C5F71643163E97CF005B34D1 /* Products */ = {
			isa = PBXGroup;
			children = (
				C5F71642163E97CF005B34D1 /* iOSExample.app */,
				C5F7166C163E97CF005B34D1 /* iOSExampleTests.octest */,
				C5F71687163E97EA005B34D1 /* OSXExample.app */,
				C5F716A6163E97EA005B34D1 /* OSXExampleTests.octest */,
			);
			name = Products;
			sourceTree = "<group>";
		};
		C5F71645163E97CF005B34D1 /* Frameworks */ = {
			isa = PBXGroup;
			children = (
				C5AC356C163EB28900C233FE /* Cocoa.framework */,
				C5F7166D163E97CF005B34D1 /* SenTestingKit.framework */,
				C5AC3569163EB26E00C233FE /* UIKit.framework */,
			);
			name = Frameworks;
			sourceTree = "<group>";
		};
		C5F7164C163E97CF005B34D1 /* iOSExample */ = {
			isa = PBXGroup;
			children = (
				C5F71655163E97CF005B34D1 /* iOSAppDelegate.h */,
				C5F71656163E97CF005B34D1 /* iOSAppDelegate.m */,
				C5F7165E163E97CF005B34D1 /* MainStoryboard_iPhone.storyboard */,
				C5F71661163E97CF005B34D1 /* MainStoryboard_iPad.storyboard */,
				C5F71664163E97CF005B34D1 /* iOSViewController.h */,
				C5F71665163E97CF005B34D1 /* iOSViewController.m */,
				C5F7164D163E97CF005B34D1 /* Supporting Files */,
			);
			path = iOSExample;
			sourceTree = "<group>";
		};
		C5F7164D163E97CF005B34D1 /* Supporting Files */ = {
			isa = PBXGroup;
			children = (
				C5F7164E163E97CF005B34D1 /* iOSExample-Info.plist */,
				C5F7164F163E97CF005B34D1 /* InfoPlist.strings */,
				C5F71652163E97CF005B34D1 /* main.m */,
				C5F71654163E97CF005B34D1 /* iOSExample-Prefix.pch */,
				C5F71658163E97CF005B34D1 /* Default.png */,
				C5F7165A163E97CF005B34D1 /* Default@2x.png */,
				C5F7165C163E97CF005B34D1 /* Default-568h@2x.png */,
			);
			name = "Supporting Files";
			sourceTree = "<group>";
		};
		C5F71673163E97CF005B34D1 /* iOSExampleTests */ = {
			isa = PBXGroup;
			children = (
				C5F71679163E97CF005B34D1 /* iOSExampleTests.h */,
				C5F7167A163E97CF005B34D1 /* iOSExampleTests.m */,
				C5F71674163E97CF005B34D1 /* Supporting Files */,
			);
			path = iOSExampleTests;
			sourceTree = "<group>";
		};
		C5F71674163E97CF005B34D1 /* Supporting Files */ = {
			isa = PBXGroup;
			children = (
				C5F71675163E97CF005B34D1 /* iOSExampleTests-Info.plist */,
				C5F71676163E97CF005B34D1 /* InfoPlist.strings */,
			);
			name = "Supporting Files";
			sourceTree = "<group>";
		};
		C5F7168F163E97EA005B34D1 /* OSXExample */ = {
			isa = PBXGroup;
			children = (
				C5F7169B163E97EA005B34D1 /* OSXAppDelegate.h */,
				C5F7169C163E97EA005B34D1 /* OSXAppDelegate.m */,
				C5F7169E163E97EA005B34D1 /* MainMenu.xib */,
				C5F71690163E97EA005B34D1 /* Supporting Files */,
			);
			path = OSXExample;
			sourceTree = "<group>";
		};
		C5F71690163E97EA005B34D1 /* Supporting Files */ = {
			isa = PBXGroup;
			children = (
				C5F71691163E97EA005B34D1 /* OSXExample-Info.plist */,
				C5F71692163E97EA005B34D1 /* InfoPlist.strings */,
				C5F71695163E97EA005B34D1 /* main.m */,
				C5F71697163E97EA005B34D1 /* OSXExample-Prefix.pch */,
			);
			name = "Supporting Files";
			sourceTree = "<group>";
		};
		C5F716AB163E97EA005B34D1 /* OSXExampleTests */ = {
			isa = PBXGroup;
			children = (
				C5F716B1163E97EA005B34D1 /* OSXExampleTests.h */,
				C5F716B2163E97EA005B34D1 /* OSXExampleTests.m */,
				C5AC35A4163ED13E00C233FE /* Test Cases */,
				C5F716AC163E97EA005B34D1 /* Supporting Files */,
			);
			path = OSXExampleTests;
			sourceTree = "<group>";
		};
		C5F716AC163E97EA005B34D1 /* Supporting Files */ = {
			isa = PBXGroup;
			children = (
				C5F716AD163E97EA005B34D1 /* OSXExampleTests-Info.plist */,
				C5F716AE163E97EA005B34D1 /* InfoPlist.strings */,
			);
			name = "Supporting Files";
			sourceTree = "<group>";
		};
/* End PBXGroup section */

/* Begin PBXNativeTarget section */
		C5F71641163E97CF005B34D1 /* iOSExample */ = {
			isa = PBXNativeTarget;
			buildConfigurationList = C5F71680163E97CF005B34D1 /* Build configuration list for PBXNativeTarget "iOSExample" */;
			buildPhases = (
				C5F7163E163E97CF005B34D1 /* Sources */,
				C5F7163F163E97CF005B34D1 /* Frameworks */,
				C5F71640163E97CF005B34D1 /* Resources */,
			);
			buildRules = (
			);
			dependencies = (
			);
			name = iOSExample;
			productName = iOSExample;
			productReference = C5F71642163E97CF005B34D1 /* iOSExample.app */;
			productType = "com.apple.product-type.application";
		};
		C5F7166B163E97CF005B34D1 /* iOSExampleTests */ = {
			isa = PBXNativeTarget;
			buildConfigurationList = C5F71681163E97CF005B34D1 /* Build configuration list for PBXNativeTarget "iOSExampleTests" */;
			buildPhases = (
				C5F71667163E97CF005B34D1 /* Sources */,
				C5F71668163E97CF005B34D1 /* Frameworks */,
				C5F71669163E97CF005B34D1 /* Resources */,
				C5F7166A163E97CF005B34D1 /* ShellScript */,
			);
			buildRules = (
			);
			dependencies = (
				C5F71672163E97CF005B34D1 /* PBXTargetDependency */,
			);
			name = iOSExampleTests;
			productName = iOSExampleTests;
			productReference = C5F7166C163E97CF005B34D1 /* iOSExampleTests.octest */;
			productType = "com.apple.product-type.bundle";
		};
		C5F71686163E97EA005B34D1 /* OSXExample */ = {
			isa = PBXNativeTarget;
			buildConfigurationList = C5F716B4163E97EA005B34D1 /* Build configuration list for PBXNativeTarget "OSXExample" */;
			buildPhases = (
				C5F71683163E97EA005B34D1 /* Sources */,
				C5F71684163E97EA005B34D1 /* Frameworks */,
				C5F71685163E97EA005B34D1 /* Resources */,
			);
			buildRules = (
			);
			dependencies = (
			);
			name = OSXExample;
			productName = OSXExample;
			productReference = C5F71687163E97EA005B34D1 /* OSXExample.app */;
			productType = "com.apple.product-type.application";
		};
		C5F716A5163E97EA005B34D1 /* OSXExampleTests */ = {
			isa = PBXNativeTarget;
			buildConfigurationList = C5F716B7163E97EA005B34D1 /* Build configuration list for PBXNativeTarget "OSXExampleTests" */;
			buildPhases = (
				C5F716A1163E97EA005B34D1 /* Sources */,
				C5F716A2163E97EA005B34D1 /* Frameworks */,
				C5F716A3163E97EA005B34D1 /* Resources */,
				C5F716A4163E97EA005B34D1 /* ShellScript */,
			);
			buildRules = (
			);
			dependencies = (
				C5F716AA163E97EA005B34D1 /* PBXTargetDependency */,
			);
			name = OSXExampleTests;
			productName = OSXExampleTests;
			productReference = C5F716A6163E97EA005B34D1 /* OSXExampleTests.octest */;
			productType = "com.apple.product-type.bundle";
		};
/* End PBXNativeTarget section */

/* Begin PBXProject section */
		C5F71634163E9776005B34D1 /* Project object */ = {
			isa = PBXProject;
			attributes = {
				LastUpgradeCheck = 0450;
			};
			buildConfigurationList = C5F71637163E9776005B34D1 /* Build configuration list for PBXProject "MSAttributedStringSerialization" */;
			compatibilityVersion = "Xcode 3.2";
			developmentRegion = English;
			hasScannedForEncodings = 0;
			knownRegions = (
				en,
			);
			mainGroup = C5F71632163E9776005B34D1;
			productRefGroup = C5F71643163E97CF005B34D1 /* Products */;
			projectDirPath = "";
			projectRoot = "";
			targets = (
				C5F71641163E97CF005B34D1 /* iOSExample */,
				C5F7166B163E97CF005B34D1 /* iOSExampleTests */,
				C5F71686163E97EA005B34D1 /* OSXExample */,
				C5F716A5163E97EA005B34D1 /* OSXExampleTests */,
			);
		};
/* End PBXProject section */

/* Begin PBXResourcesBuildPhase section */
		C5F71640163E97CF005B34D1 /* Resources */ = {
			isa = PBXResourcesBuildPhase;
			buildActionMask = 2147483647;
			files = (
				C5F71651163E97CF005B34D1 /* InfoPlist.strings in Resources */,
				C5F71659163E97CF005B34D1 /* Default.png in Resources */,
				C5F7165B163E97CF005B34D1 /* Default@2x.png in Resources */,
				C5F7165D163E97CF005B34D1 /* Default-568h@2x.png in Resources */,
				C5F71660163E97CF005B34D1 /* MainStoryboard_iPhone.storyboard in Resources */,
				C5F71663163E97CF005B34D1 /* MainStoryboard_iPad.storyboard in Resources */,
				C5AC3591163EC0BA00C233FE /* MSASSUtils.h in Resources */,
			);
			runOnlyForDeploymentPostprocessing = 0;
		};
		C5F71669163E97CF005B34D1 /* Resources */ = {
			isa = PBXResourcesBuildPhase;
			buildActionMask = 2147483647;
			files = (
				C5F71678163E97CF005B34D1 /* InfoPlist.strings in Resources */,
				C5AC3592163EC0BA00C233FE /* MSASSUtils.h in Resources */,
			);
			runOnlyForDeploymentPostprocessing = 0;
		};
		C5F71685163E97EA005B34D1 /* Resources */ = {
			isa = PBXResourcesBuildPhase;
			buildActionMask = 2147483647;
			files = (
				C5F71694163E97EA005B34D1 /* InfoPlist.strings in Resources */,
				C5F716A0163E97EA005B34D1 /* MainMenu.xib in Resources */,
				C5AC3593163EC0BA00C233FE /* MSASSUtils.h in Resources */,
			);
			runOnlyForDeploymentPostprocessing = 0;
		};
		C5F716A3163E97EA005B34D1 /* Resources */ = {
			isa = PBXResourcesBuildPhase;
			buildActionMask = 2147483647;
			files = (
				C5F716B0163E97EA005B34D1 /* InfoPlist.strings in Resources */,
				C5AC3594163EC0BA00C233FE /* MSASSUtils.h in Resources */,
				C5AC35A3163ED13700C233FE /* TextEdit Test Document.rtf in Resources */,
			);
			runOnlyForDeploymentPostprocessing = 0;
		};
/* End PBXResourcesBuildPhase section */

/* Begin PBXShellScriptBuildPhase section */
		C5F7166A163E97CF005B34D1 /* ShellScript */ = {
			isa = PBXShellScriptBuildPhase;
			buildActionMask = 2147483647;
			files = (
			);
			inputPaths = (
			);
			outputPaths = (
			);
			runOnlyForDeploymentPostprocessing = 0;
			shellPath = /bin/sh;
			shellScript = "# Run the unit tests in this test bundle.\n\"${SYSTEM_DEVELOPER_DIR}/Tools/RunUnitTests\"\n";
		};
		C5F716A4163E97EA005B34D1 /* ShellScript */ = {
			isa = PBXShellScriptBuildPhase;
			buildActionMask = 2147483647;
			files = (
			);
			inputPaths = (
			);
			outputPaths = (
			);
			runOnlyForDeploymentPostprocessing = 0;
			shellPath = /bin/sh;
			shellScript = "# Run the unit tests in this test bundle.\n\"${SYSTEM_DEVELOPER_DIR}/Tools/RunUnitTests\"\n";
		};
/* End PBXShellScriptBuildPhase section */

/* Begin PBXSourcesBuildPhase section */
		C5F7163E163E97CF005B34D1 /* Sources */ = {
			isa = PBXSourcesBuildPhase;
			buildActionMask = 2147483647;
			files = (
				C5F71653163E97CF005B34D1 /* main.m in Sources */,
				C5F71657163E97CF005B34D1 /* iOSAppDelegate.m in Sources */,
				C5F71666163E97CF005B34D1 /* iOSViewController.m in Sources */,
				C5AC3572163EB6B900C233FE /* MSAttributedStringSerialization.m in Sources */,
				C5AC358C163EBD1100C233FE /* MSASSHTMLWriter.m in Sources */,
				C5AC359C163EC42100C233FE /* MSASSUtils.m in Sources */,
				C5AC35AB16404C9B00C233FE /* MSASSHTMLWriterCoreText.m in Sources */,
				C5AC35B71640525100C233FE /* MSASSHTMLWriterUIKit.m in Sources */,
			);
			runOnlyForDeploymentPostprocessing = 0;
		};
		C5F71667163E97CF005B34D1 /* Sources */ = {
			isa = PBXSourcesBuildPhase;
			buildActionMask = 2147483647;
			files = (
				C5F7167B163E97CF005B34D1 /* iOSExampleTests.m in Sources */,
			);
			runOnlyForDeploymentPostprocessing = 0;
		};
		C5F71683163E97EA005B34D1 /* Sources */ = {
			isa = PBXSourcesBuildPhase;
			buildActionMask = 2147483647;
			files = (
				C5F71696163E97EA005B34D1 /* main.m in Sources */,
				C5F7169D163E97EA005B34D1 /* OSXAppDelegate.m in Sources */,
				C5AC3574163EB6B900C233FE /* MSAttributedStringSerialization.m in Sources */,
				C5AC358E163EBD1100C233FE /* MSASSHTMLWriter.m in Sources */,
				C5AC359D163EC42100C233FE /* MSASSUtils.m in Sources */,
				C5AC35AC16404C9B00C233FE /* MSASSHTMLWriterCoreText.m in Sources */,
				C5AC35B016404D3700C233FE /* MSASSHTMLWriterAppKit.m in Sources */,
			);
			runOnlyForDeploymentPostprocessing = 0;
		};
		C5F716A1163E97EA005B34D1 /* Sources */ = {
			isa = PBXSourcesBuildPhase;
			buildActionMask = 2147483647;
			files = (
				C5F716B3163E97EA005B34D1 /* OSXExampleTests.m in Sources */,
			);
			runOnlyForDeploymentPostprocessing = 0;
		};
/* End PBXSourcesBuildPhase section */

/* Begin PBXTargetDependency section */
		C5F71672163E97CF005B34D1 /* PBXTargetDependency */ = {
			isa = PBXTargetDependency;
			target = C5F71641163E97CF005B34D1 /* iOSExample */;
			targetProxy = C5F71671163E97CF005B34D1 /* PBXContainerItemProxy */;
		};
		C5F716AA163E97EA005B34D1 /* PBXTargetDependency */ = {
			isa = PBXTargetDependency;
			target = C5F71686163E97EA005B34D1 /* OSXExample */;
			targetProxy = C5F716A9163E97EA005B34D1 /* PBXContainerItemProxy */;
		};
/* End PBXTargetDependency section */

/* Begin PBXVariantGroup section */
		C5F7164F163E97CF005B34D1 /* InfoPlist.strings */ = {
			isa = PBXVariantGroup;
			children = (
				C5F71650163E97CF005B34D1 /* en */,
			);
			name = InfoPlist.strings;
			sourceTree = "<group>";
		};
		C5F7165E163E97CF005B34D1 /* MainStoryboard_iPhone.storyboard */ = {
			isa = PBXVariantGroup;
			children = (
				C5F7165F163E97CF005B34D1 /* en */,
			);
			name = MainStoryboard_iPhone.storyboard;
			sourceTree = "<group>";
		};
		C5F71661163E97CF005B34D1 /* MainStoryboard_iPad.storyboard */ = {
			isa = PBXVariantGroup;
			children = (
				C5F71662163E97CF005B34D1 /* en */,
			);
			name = MainStoryboard_iPad.storyboard;
			sourceTree = "<group>";
		};
		C5F71676163E97CF005B34D1 /* InfoPlist.strings */ = {
			isa = PBXVariantGroup;
			children = (
				C5F71677163E97CF005B34D1 /* en */,
			);
			name = InfoPlist.strings;
			sourceTree = "<group>";
		};
		C5F71692163E97EA005B34D1 /* InfoPlist.strings */ = {
			isa = PBXVariantGroup;
			children = (
				C5F71693163E97EA005B34D1 /* en */,
			);
			name = InfoPlist.strings;
			sourceTree = "<group>";
		};
		C5F7169E163E97EA005B34D1 /* MainMenu.xib */ = {
			isa = PBXVariantGroup;
			children = (
				C5F7169F163E97EA005B34D1 /* en */,
			);
			name = MainMenu.xib;
			sourceTree = "<group>";
		};
		C5F716AE163E97EA005B34D1 /* InfoPlist.strings */ = {
			isa = PBXVariantGroup;
			children = (
				C5F716AF163E97EA005B34D1 /* en */,
			);
			name = InfoPlist.strings;
			sourceTree = "<group>";
		};
/* End PBXVariantGroup section */

/* Begin XCBuildConfiguration section */
		C5F71639163E9776005B34D1 /* Debug */ = {
			isa = XCBuildConfiguration;
			buildSettings = {
				ALWAYS_SEARCH_USER_PATHS = NO;
				CLANG_ENABLE_OBJC_ARC = YES;
				CLANG_WARN_EMPTY_BODY = YES;
				CLANG_WARN_IMPLICIT_SIGN_CONVERSION = YES;
				CLANG_WARN__DUPLICATE_METHOD_MATCH = YES;
				COPY_PHASE_STRIP = NO;
				FRAMEWORK_SEARCH_PATHS = "";
				GCC_C_LANGUAGE_STANDARD = gnu99;
				GCC_DYNAMIC_NO_PIC = NO;
				GCC_ENABLE_OBJC_EXCEPTIONS = YES;
				GCC_OPTIMIZATION_LEVEL = 0;
				GCC_PREPROCESSOR_DEFINITIONS = "DEBUG=1";
				GCC_SYMBOLS_PRIVATE_EXTERN = NO;
				GCC_WARN_64_TO_32_BIT_CONVERSION = YES;
				GCC_WARN_ABOUT_RETURN_TYPE = YES;
				GCC_WARN_UNINITIALIZED_AUTOS = YES;
				GCC_WARN_UNUSED_VARIABLE = YES;
				ONLY_ACTIVE_ARCH = YES;
			};
			name = Debug;
		};
		C5F7163A163E9776005B34D1 /* Release */ = {
			isa = XCBuildConfiguration;
			buildSettings = {
				ALWAYS_SEARCH_USER_PATHS = NO;
				CLANG_ENABLE_OBJC_ARC = YES;
				CLANG_WARN_EMPTY_BODY = YES;
				CLANG_WARN_IMPLICIT_SIGN_CONVERSION = YES;
				CLANG_WARN__DUPLICATE_METHOD_MATCH = YES;
				COPY_PHASE_STRIP = YES;
				FRAMEWORK_SEARCH_PATHS = "";
				GCC_C_LANGUAGE_STANDARD = gnu99;
				GCC_DYNAMIC_NO_PIC = NO;
				GCC_ENABLE_OBJC_EXCEPTIONS = YES;
				GCC_SYMBOLS_PRIVATE_EXTERN = NO;
				GCC_WARN_64_TO_32_BIT_CONVERSION = YES;
				GCC_WARN_ABOUT_RETURN_TYPE = YES;
				GCC_WARN_UNINITIALIZED_AUTOS = YES;
				GCC_WARN_UNUSED_VARIABLE = YES;
				OTHER_CFLAGS = "-DNS_BLOCK_ASSERTIONS=1";
				VALIDATE_PRODUCT = YES;
			};
			name = Release;
		};
		C5F7167C163E97CF005B34D1 /* Debug */ = {
			isa = XCBuildConfiguration;
			buildSettings = {
				CODE_SIGN_IDENTITY = "iPhone Developer";
				GCC_DYNAMIC_NO_PIC = NO;
				GCC_OPTIMIZATION_LEVEL = 0;
				GCC_PRECOMPILE_PREFIX_HEADER = YES;
				GCC_PREFIX_HEADER = "iOSExample/iOSExample-Prefix.pch";
				GCC_SYMBOLS_PRIVATE_EXTERN = NO;
				INFOPLIST_FILE = "iOSExample/iOSExample-Info.plist";
				IPHONEOS_DEPLOYMENT_TARGET = 5.0;
				PRODUCT_NAME = "$(TARGET_NAME)";
				PROVISIONING_PROFILE = "";
				SDKROOT = iphoneos;
				TARGETED_DEVICE_FAMILY = "1,2";
				WRAPPER_EXTENSION = app;
			};
			name = Debug;
		};
		C5F7167D163E97CF005B34D1 /* Release */ = {
			isa = XCBuildConfiguration;
			buildSettings = {
				CODE_SIGN_IDENTITY = "iPhone Developer";
				GCC_PRECOMPILE_PREFIX_HEADER = YES;
				GCC_PREFIX_HEADER = "iOSExample/iOSExample-Prefix.pch";
				INFOPLIST_FILE = "iOSExample/iOSExample-Info.plist";
				IPHONEOS_DEPLOYMENT_TARGET = 5.0;
				PRODUCT_NAME = "$(TARGET_NAME)";
				PROVISIONING_PROFILE = "";
				SDKROOT = iphoneos;
				TARGETED_DEVICE_FAMILY = "1,2";
				WRAPPER_EXTENSION = app;
			};
			name = Release;
		};
		C5F7167E163E97CF005B34D1 /* Debug */ = {
			isa = XCBuildConfiguration;
			buildSettings = {
				BUNDLE_LOADER = "$(BUILT_PRODUCTS_DIR)/iOSExample.app/iOSExample";
				CODE_SIGN_IDENTITY = "iPhone Developer";
				GCC_PRECOMPILE_PREFIX_HEADER = YES;
				GCC_PREFIX_HEADER = "iOSExample/iOSExample-Prefix.pch";
				INFOPLIST_FILE = "iOSExampleTests/iOSExampleTests-Info.plist";
				IPHONEOS_DEPLOYMENT_TARGET = 6.0;
				PRODUCT_NAME = "$(TARGET_NAME)";
				PROVISIONING_PROFILE = "";
				SDKROOT = iphoneos;
				TEST_HOST = "$(BUNDLE_LOADER)";
				WRAPPER_EXTENSION = octest;
			};
			name = Debug;
		};
		C5F7167F163E97CF005B34D1 /* Release */ = {
			isa = XCBuildConfiguration;
			buildSettings = {
				BUNDLE_LOADER = "$(BUILT_PRODUCTS_DIR)/iOSExample.app/iOSExample";
				CODE_SIGN_IDENTITY = "iPhone Developer";
				GCC_PRECOMPILE_PREFIX_HEADER = YES;
				GCC_PREFIX_HEADER = "iOSExample/iOSExample-Prefix.pch";
				INFOPLIST_FILE = "iOSExampleTests/iOSExampleTests-Info.plist";
				IPHONEOS_DEPLOYMENT_TARGET = 6.0;
				PRODUCT_NAME = "$(TARGET_NAME)";
				PROVISIONING_PROFILE = "";
				SDKROOT = iphoneos;
				TEST_HOST = "$(BUNDLE_LOADER)";
				WRAPPER_EXTENSION = octest;
			};
			name = Release;
		};
		C5F716B5163E97EA005B34D1 /* Debug */ = {
			isa = XCBuildConfiguration;
			buildSettings = {
				ALWAYS_SEARCH_USER_PATHS = NO;
				ARCHS = "$(ARCHS_STANDARD_64_BIT)";
				CODE_SIGN_IDENTITY = "Mac Developer";
				COMBINE_HIDPI_IMAGES = YES;
				GCC_DYNAMIC_NO_PIC = NO;
				GCC_ENABLE_OBJC_EXCEPTIONS = YES;
				GCC_OPTIMIZATION_LEVEL = 0;
				GCC_PRECOMPILE_PREFIX_HEADER = YES;
				GCC_PREFIX_HEADER = "OSXExample/OSXExample-Prefix.pch";
				GCC_SYMBOLS_PRIVATE_EXTERN = NO;
				INFOPLIST_FILE = "OSXExample/OSXExample-Info.plist";
				MACOSX_DEPLOYMENT_TARGET = 10.8;
				PRODUCT_NAME = "$(TARGET_NAME)";
				PROVISIONING_PROFILE = "";
				SDKROOT = macosx;
				WRAPPER_EXTENSION = app;
			};
			name = Debug;
		};
		C5F716B6163E97EA005B34D1 /* Release */ = {
			isa = XCBuildConfiguration;
			buildSettings = {
				ALWAYS_SEARCH_USER_PATHS = NO;
				ARCHS = "$(ARCHS_STANDARD_64_BIT)";
				CODE_SIGN_IDENTITY = "Mac Developer";
				COMBINE_HIDPI_IMAGES = YES;
				DEBUG_INFORMATION_FORMAT = "dwarf-with-dsym";
				GCC_ENABLE_OBJC_EXCEPTIONS = YES;
				GCC_PRECOMPILE_PREFIX_HEADER = YES;
				GCC_PREFIX_HEADER = "OSXExample/OSXExample-Prefix.pch";
				INFOPLIST_FILE = "OSXExample/OSXExample-Info.plist";
				MACOSX_DEPLOYMENT_TARGET = 10.8;
				PRODUCT_NAME = "$(TARGET_NAME)";
				PROVISIONING_PROFILE = "";
				SDKROOT = macosx;
				WRAPPER_EXTENSION = app;
			};
			name = Release;
		};
		C5F716B8163E97EA005B34D1 /* Debug */ = {
			isa = XCBuildConfiguration;
			buildSettings = {
				ALWAYS_SEARCH_USER_PATHS = NO;
				ARCHS = "$(ARCHS_STANDARD_64_BIT)";
				BUNDLE_LOADER = "$(BUILT_PRODUCTS_DIR)/OSXExample.app/Contents/MacOS/OSXExample";
				CODE_SIGN_IDENTITY = "Mac Developer";
				COMBINE_HIDPI_IMAGES = YES;
				FRAMEWORK_SEARCH_PATHS = "\"$(DEVELOPER_LIBRARY_DIR)/Frameworks\"";
				GCC_PRECOMPILE_PREFIX_HEADER = YES;
				GCC_PREFIX_HEADER = "OSXExample/OSXExample-Prefix.pch";
				INFOPLIST_FILE = "OSXExampleTests/OSXExampleTests-Info.plist";
				MACOSX_DEPLOYMENT_TARGET = 10.8;
				PRODUCT_NAME = "$(TARGET_NAME)";
				PROVISIONING_PROFILE = "";
				SDKROOT = macosx;
				TEST_HOST = "$(BUNDLE_LOADER)";
				WRAPPER_EXTENSION = octest;
			};
			name = Debug;
		};
		C5F716B9163E97EA005B34D1 /* Release */ = {
			isa = XCBuildConfiguration;
			buildSettings = {
				ALWAYS_SEARCH_USER_PATHS = NO;
				ARCHS = "$(ARCHS_STANDARD_64_BIT)";
				BUNDLE_LOADER = "$(BUILT_PRODUCTS_DIR)/OSXExample.app/Contents/MacOS/OSXExample";
				CODE_SIGN_IDENTITY = "Mac Developer";
				COMBINE_HIDPI_IMAGES = YES;
				DEBUG_INFORMATION_FORMAT = "dwarf-with-dsym";
				FRAMEWORK_SEARCH_PATHS = "\"$(DEVELOPER_LIBRARY_DIR)/Frameworks\"";
				GCC_PRECOMPILE_PREFIX_HEADER = YES;
				GCC_PREFIX_HEADER = "OSXExample/OSXExample-Prefix.pch";
				INFOPLIST_FILE = "OSXExampleTests/OSXExampleTests-Info.plist";
				MACOSX_DEPLOYMENT_TARGET = 10.8;
				PRODUCT_NAME = "$(TARGET_NAME)";
				PROVISIONING_PROFILE = "";
				SDKROOT = macosx;
				TEST_HOST = "$(BUNDLE_LOADER)";
				WRAPPER_EXTENSION = octest;
			};
			name = Release;
		};
/* End XCBuildConfiguration section */

/* Begin XCConfigurationList section */
		C5F71637163E9776005B34D1 /* Build configuration list for PBXProject "MSAttributedStringSerialization" */ = {
			isa = XCConfigurationList;
			buildConfigurations = (
				C5F71639163E9776005B34D1 /* Debug */,
				C5F7163A163E9776005B34D1 /* Release */,
			);
			defaultConfigurationIsVisible = 0;
			defaultConfigurationName = Release;
		};
		C5F71680163E97CF005B34D1 /* Build configuration list for PBXNativeTarget "iOSExample" */ = {
			isa = XCConfigurationList;
			buildConfigurations = (
				C5F7167C163E97CF005B34D1 /* Debug */,
				C5F7167D163E97CF005B34D1 /* Release */,
			);
			defaultConfigurationIsVisible = 0;
			defaultConfigurationName = Release;
		};
		C5F71681163E97CF005B34D1 /* Build configuration list for PBXNativeTarget "iOSExampleTests" */ = {
			isa = XCConfigurationList;
			buildConfigurations = (
				C5F7167E163E97CF005B34D1 /* Debug */,
				C5F7167F163E97CF005B34D1 /* Release */,
			);
			defaultConfigurationIsVisible = 0;
			defaultConfigurationName = Release;
		};
		C5F716B4163E97EA005B34D1 /* Build configuration list for PBXNativeTarget "OSXExample" */ = {
			isa = XCConfigurationList;
			buildConfigurations = (
				C5F716B5163E97EA005B34D1 /* Debug */,
				C5F716B6163E97EA005B34D1 /* Release */,
			);
			defaultConfigurationIsVisible = 0;
			defaultConfigurationName = Release;
		};
		C5F716B7163E97EA005B34D1 /* Build configuration list for PBXNativeTarget "OSXExampleTests" */ = {
			isa = XCConfigurationList;
			buildConfigurations = (
				C5F716B8163E97EA005B34D1 /* Debug */,
				C5F716B9163E97EA005B34D1 /* Release */,
			);
			defaultConfigurationIsVisible = 0;
			defaultConfigurationName = Release;
		};
/* End XCConfigurationList section */
	};
	rootObject = C5F71634163E9776005B34D1 /* Project object */;
}
